// !$*UTF8*$!
{
	archiveVersion = 1;
	classes = {
	};
	objectVersion = 52;
	objects = {

/* Begin PBXBuildFile section */
		68106BE82341AF0000DA61D9 /* DoneButton.swift in Sources */ = {isa = PBXBuildFile; fileRef = 68106BE72341AF0000DA61D9 /* DoneButton.swift */; };
		68106BEB234298F000DA61D9 /* HomeActionManager.swift in Sources */ = {isa = PBXBuildFile; fileRef = 68106BEA234298F000DA61D9 /* HomeActionManager.swift */; };
		68106C232342B2B600DA61D9 /* Settings.xcdatamodeld in Sources */ = {isa = PBXBuildFile; fileRef = 68106C212342B2B600DA61D9 /* Settings.xcdatamodeld */; };
		68106C242342B34500DA61D9 /* CloudKit.framework in Frameworks */ = {isa = PBXBuildFile; fileRef = 68B4AB742335396600847AB9 /* CloudKit.framework */; };
		68106C262342B38E00DA61D9 /* EggStore.swift in Sources */ = {isa = PBXBuildFile; fileRef = 68106C252342B38E00DA61D9 /* EggStore.swift */; };
		68106C4B2342F6D500DA61D9 /* TimerStore.swift in Sources */ = {isa = PBXBuildFile; fileRef = 68106C4A2342F6D500DA61D9 /* TimerStore.swift */; };
		68106C4D2342F7D400DA61D9 /* UserDefault.swift in Sources */ = {isa = PBXBuildFile; fileRef = 68106C4C2342F7D400DA61D9 /* UserDefault.swift */; };
		68106C4F234300C100DA61D9 /* EggTimer.swift in Sources */ = {isa = PBXBuildFile; fileRef = 68106C4E234300C100DA61D9 /* EggTimer.swift */; };
		681D4BA9232AB0A300F483D3 /* Font.swift in Sources */ = {isa = PBXBuildFile; fileRef = 681D4BA8232AB0A300F483D3 /* Font.swift */; };
		681D4BAB232AD85200F483D3 /* NotificationStore.swift in Sources */ = {isa = PBXBuildFile; fileRef = 681D4BAA232AD85200F483D3 /* NotificationStore.swift */; };
		681D4BBF232C37ED00F483D3 /* Color.swift in Sources */ = {isa = PBXBuildFile; fileRef = 681D4BBE232C37ED00F483D3 /* Color.swift */; };
		683B52C52329AA9F0053B213 /* AppDelegate.swift in Sources */ = {isa = PBXBuildFile; fileRef = 683B52C42329AA9F0053B213 /* AppDelegate.swift */; };
		683B52C72329AA9F0053B213 /* SceneDelegate.swift in Sources */ = {isa = PBXBuildFile; fileRef = 683B52C62329AA9F0053B213 /* SceneDelegate.swift */; };
		683B52C92329AA9F0053B213 /* RootView.swift in Sources */ = {isa = PBXBuildFile; fileRef = 683B52C82329AA9F0053B213 /* RootView.swift */; };
		683B52CB2329AAA70053B213 /* Assets.xcassets in Resources */ = {isa = PBXBuildFile; fileRef = 683B52CA2329AAA70053B213 /* Assets.xcassets */; };
		683B52CE2329AAA70053B213 /* Preview Assets.xcassets in Resources */ = {isa = PBXBuildFile; fileRef = 683B52CD2329AAA70053B213 /* Preview Assets.xcassets */; };
		683B52D12329AAA70053B213 /* LaunchScreen.storyboard in Resources */ = {isa = PBXBuildFile; fileRef = 683B52CF2329AAA70053B213 /* LaunchScreen.storyboard */; };
		683B52DA2329E0E10053B213 /* Double.swift in Sources */ = {isa = PBXBuildFile; fileRef = 683B52D92329E0E10053B213 /* Double.swift */; };
		683B52DC2329E0FF0053B213 /* UserDefaults.swift in Sources */ = {isa = PBXBuildFile; fileRef = 683B52DB2329E0FF0053B213 /* UserDefaults.swift */; };
		683B52DF2329E12D0053B213 /* Enum+EggKey.swift in Sources */ = {isa = PBXBuildFile; fileRef = 683B52DE2329E12D0053B213 /* Enum+EggKey.swift */; };
		683B52E12329E2AD0053B213 /* Constants.swift in Sources */ = {isa = PBXBuildFile; fileRef = 683B52E02329E2AD0053B213 /* Constants.swift */; };
		683B52E42329E2E30053B213 /* AltimeterProxy.swift in Sources */ = {isa = PBXBuildFile; fileRef = 683B52E32329E2E30053B213 /* AltimeterProxy.swift */; };
		683B52E72329E3150053B213 /* Store.swift in Sources */ = {isa = PBXBuildFile; fileRef = 683B52E62329E3150053B213 /* Store.swift */; };
		683B52EC2329E9F20053B213 /* Enum+TimerState.swift in Sources */ = {isa = PBXBuildFile; fileRef = 683B52EB2329E9F20053B213 /* Enum+TimerState.swift */; };
		683B52EF2329F4790053B213 /* SFSafeSymbols in Frameworks */ = {isa = PBXBuildFile; productRef = 683B52EE2329F4790053B213 /* SFSafeSymbols */; };
		683B52F1232A19C30053B213 /* View.swift in Sources */ = {isa = PBXBuildFile; fileRef = 683B52F0232A19C30053B213 /* View.swift */; };
		683B52F3232A2F0D0053B213 /* AnyTransition.swift in Sources */ = {isa = PBXBuildFile; fileRef = 683B52F2232A2F0D0053B213 /* AnyTransition.swift */; };
		68465A91232A9A8600F934BA /* SlidersView.swift in Sources */ = {isa = PBXBuildFile; fileRef = 68465A90232A9A8600F934BA /* SlidersView.swift */; };
		68465A93232A9AC900F934BA /* EggView.swift in Sources */ = {isa = PBXBuildFile; fileRef = 68465A92232A9AC900F934BA /* EggView.swift */; };
		68465A95232A9B0D00F934BA /* SettingsButton.swift in Sources */ = {isa = PBXBuildFile; fileRef = 68465A94232A9B0D00F934BA /* SettingsButton.swift */; };
		68465A97232A9B2700F934BA /* SettingsView.swift in Sources */ = {isa = PBXBuildFile; fileRef = 68465A96232A9B2700F934BA /* SettingsView.swift */; };
		68465A99232A9B4600F934BA /* StartButton.swift in Sources */ = {isa = PBXBuildFile; fileRef = 68465A98232A9B4600F934BA /* StartButton.swift */; };
		68465A9B232A9B6300F934BA /* ContentView.swift in Sources */ = {isa = PBXBuildFile; fileRef = 68465A9A232A9B6300F934BA /* ContentView.swift */; };
		68465A9D232A9BB200F934BA /* EndDateView.swift in Sources */ = {isa = PBXBuildFile; fileRef = 68465A9C232A9BB200F934BA /* EndDateView.swift */; };
		68465AA8232A9E7800F934BA /* Enum+SettingsKey.swift in Sources */ = {isa = PBXBuildFile; fileRef = 68465AA7232A9E7800F934BA /* Enum+SettingsKey.swift */; };
		68465AAA232AA4B500F934BA /* SettingsStore.swift in Sources */ = {isa = PBXBuildFile; fileRef = 68465AA9232AA4B500F934BA /* SettingsStore.swift */; };
		68B1474D23439B7D007D5EDF /* NotificationCenter.framework in Frameworks */ = {isa = PBXBuildFile; fileRef = 68B1474C23439B7D007D5EDF /* NotificationCenter.framework */; };
		68B1475023439B7D007D5EDF /* TodayViewController.swift in Sources */ = {isa = PBXBuildFile; fileRef = 68B1474F23439B7D007D5EDF /* TodayViewController.swift */; };
		68B1475323439B7D007D5EDF /* MainInterface.storyboard in Resources */ = {isa = PBXBuildFile; fileRef = 68B1475123439B7D007D5EDF /* MainInterface.storyboard */; };
		68B1475D23439CD6007D5EDF /* RootView.swift in Sources */ = {isa = PBXBuildFile; fileRef = 68B1475C23439CD6007D5EDF /* RootView.swift */; };
		68B147612343A26D007D5EDF /* Constants.swift in Sources */ = {isa = PBXBuildFile; fileRef = 683B52E02329E2AD0053B213 /* Constants.swift */; };
		68B147622343A26D007D5EDF /* Enum+EggKey.swift in Sources */ = {isa = PBXBuildFile; fileRef = 683B52DE2329E12D0053B213 /* Enum+EggKey.swift */; };
		68B147632343A26D007D5EDF /* Enum+SettingsKey.swift in Sources */ = {isa = PBXBuildFile; fileRef = 68465AA7232A9E7800F934BA /* Enum+SettingsKey.swift */; };
		68B147642343A26D007D5EDF /* Enum+TimerState.swift in Sources */ = {isa = PBXBuildFile; fileRef = 683B52EB2329E9F20053B213 /* Enum+TimerState.swift */; };
		68B147652343A2A8007D5EDF /* UserDefault.swift in Sources */ = {isa = PBXBuildFile; fileRef = 68106C4C2342F7D400DA61D9 /* UserDefault.swift */; };
		68B147662343A2B7007D5EDF /* Double.swift in Sources */ = {isa = PBXBuildFile; fileRef = 683B52D92329E0E10053B213 /* Double.swift */; };
		68B147672343A2B7007D5EDF /* UserDefaults.swift in Sources */ = {isa = PBXBuildFile; fileRef = 683B52DB2329E0FF0053B213 /* UserDefaults.swift */; };
		68B147682343A2B7007D5EDF /* View.swift in Sources */ = {isa = PBXBuildFile; fileRef = 683B52F0232A19C30053B213 /* View.swift */; };
		68B147692343A2B7007D5EDF /* AnyTransition.swift in Sources */ = {isa = PBXBuildFile; fileRef = 683B52F2232A2F0D0053B213 /* AnyTransition.swift */; };
		68B1476A2343A2B7007D5EDF /* Font.swift in Sources */ = {isa = PBXBuildFile; fileRef = 681D4BA8232AB0A300F483D3 /* Font.swift */; };
		68B1476B2343A2B7007D5EDF /* Color.swift in Sources */ = {isa = PBXBuildFile; fileRef = 681D4BBE232C37ED00F483D3 /* Color.swift */; };
		68B1476C2343A321007D5EDF /* Eggy Today.appex in Embed App Extensions */ = {isa = PBXBuildFile; fileRef = 68B1474B23439B7C007D5EDF /* Eggy Today.appex */; settings = {ATTRIBUTES = (RemoveHeadersOnCopy, ); }; };
		68B147752343AD86007D5EDF /* Interface.storyboard in Resources */ = {isa = PBXBuildFile; fileRef = 68B147732343AD86007D5EDF /* Interface.storyboard */; };
		68B147772343AD88007D5EDF /* Assets.xcassets in Resources */ = {isa = PBXBuildFile; fileRef = 68B147762343AD88007D5EDF /* Assets.xcassets */; };
		68B1477E2343AD88007D5EDF /* Tiny Eggy Extension.appex in Embed App Extensions */ = {isa = PBXBuildFile; fileRef = 68B1477D2343AD88007D5EDF /* Tiny Eggy Extension.appex */; settings = {ATTRIBUTES = (RemoveHeadersOnCopy, ); }; };
		68B147832343AD88007D5EDF /* ContentView.swift in Sources */ = {isa = PBXBuildFile; fileRef = 68B147822343AD88007D5EDF /* ContentView.swift */; };
		68B147852343AD88007D5EDF /* HostingController.swift in Sources */ = {isa = PBXBuildFile; fileRef = 68B147842343AD88007D5EDF /* HostingController.swift */; };
		68B147872343AD88007D5EDF /* ExtensionDelegate.swift in Sources */ = {isa = PBXBuildFile; fileRef = 68B147862343AD88007D5EDF /* ExtensionDelegate.swift */; };
		68B147892343AD89007D5EDF /* Assets.xcassets in Resources */ = {isa = PBXBuildFile; fileRef = 68B147882343AD89007D5EDF /* Assets.xcassets */; };
		68B1478C2343AD89007D5EDF /* Preview Assets.xcassets in Resources */ = {isa = PBXBuildFile; fileRef = 68B1478B2343AD89007D5EDF /* Preview Assets.xcassets */; };
		68B147902343AD89007D5EDF /* Tiny Eggy.app in Embed Watch Content */ = {isa = PBXBuildFile; fileRef = 68B147712343AD86007D5EDF /* Tiny Eggy.app */; platformFilter = ios; settings = {ATTRIBUTES = (RemoveHeadersOnCopy, ); }; };
		68B147992343ADA6007D5EDF /* Double.swift in Sources */ = {isa = PBXBuildFile; fileRef = 683B52D92329E0E10053B213 /* Double.swift */; };
		68B1479A2343ADA6007D5EDF /* UserDefaults.swift in Sources */ = {isa = PBXBuildFile; fileRef = 683B52DB2329E0FF0053B213 /* UserDefaults.swift */; };
		68B1479C2343ADA6007D5EDF /* AnyTransition.swift in Sources */ = {isa = PBXBuildFile; fileRef = 683B52F2232A2F0D0053B213 /* AnyTransition.swift */; };
		68B1479D2343ADA6007D5EDF /* Font.swift in Sources */ = {isa = PBXBuildFile; fileRef = 681D4BA8232AB0A300F483D3 /* Font.swift */; };
		68B1479E2343ADA6007D5EDF /* Color.swift in Sources */ = {isa = PBXBuildFile; fileRef = 681D4BBE232C37ED00F483D3 /* Color.swift */; };
		68B1479F2343ADAB007D5EDF /* UserDefault.swift in Sources */ = {isa = PBXBuildFile; fileRef = 68106C4C2342F7D400DA61D9 /* UserDefault.swift */; };
		68B147A02343ADB0007D5EDF /* Constants.swift in Sources */ = {isa = PBXBuildFile; fileRef = 683B52E02329E2AD0053B213 /* Constants.swift */; };
		68B147A12343ADB0007D5EDF /* Enum+EggKey.swift in Sources */ = {isa = PBXBuildFile; fileRef = 683B52DE2329E12D0053B213 /* Enum+EggKey.swift */; };
		68B147A22343ADB0007D5EDF /* Enum+SettingsKey.swift in Sources */ = {isa = PBXBuildFile; fileRef = 68465AA7232A9E7800F934BA /* Enum+SettingsKey.swift */; };
		68B147A32343ADB0007D5EDF /* Enum+TimerState.swift in Sources */ = {isa = PBXBuildFile; fileRef = 683B52EB2329E9F20053B213 /* Enum+TimerState.swift */; };
		68B147A42343ADF2007D5EDF /* Store.swift in Sources */ = {isa = PBXBuildFile; fileRef = 683B52E62329E3150053B213 /* Store.swift */; };
		68B147A52343ADF2007D5EDF /* SettingsStore.swift in Sources */ = {isa = PBXBuildFile; fileRef = 68465AA9232AA4B500F934BA /* SettingsStore.swift */; };
		68B147A62343ADF2007D5EDF /* NotificationStore.swift in Sources */ = {isa = PBXBuildFile; fileRef = 681D4BAA232AD85200F483D3 /* NotificationStore.swift */; };
		68B147A72343ADF2007D5EDF /* EggStore.swift in Sources */ = {isa = PBXBuildFile; fileRef = 68106C252342B38E00DA61D9 /* EggStore.swift */; };
		68B147A82343ADF2007D5EDF /* TimerStore.swift in Sources */ = {isa = PBXBuildFile; fileRef = 68106C4A2342F6D500DA61D9 /* TimerStore.swift */; };
		68B147A92343AE02007D5EDF /* Settings.xcdatamodeld in Sources */ = {isa = PBXBuildFile; fileRef = 68106C212342B2B600DA61D9 /* Settings.xcdatamodeld */; };
		68B147AA2343AE0E007D5EDF /* EggSettings.swift in Sources */ = {isa = PBXBuildFile; fileRef = 68B4AB8423353E7C00847AB9 /* EggSettings.swift */; };
		68B147AC2343AE2D007D5EDF /* EggTimer.swift in Sources */ = {isa = PBXBuildFile; fileRef = 68106C4E234300C100DA61D9 /* EggTimer.swift */; };
		68B147AD2343AE4C007D5EDF /* AltimeterProxy.swift in Sources */ = {isa = PBXBuildFile; fileRef = 683B52E32329E2E30053B213 /* AltimeterProxy.swift */; };
		68B147AF2343AF88007D5EDF /* EggView.swift in Sources */ = {isa = PBXBuildFile; fileRef = 68465A92232A9AC900F934BA /* EggView.swift */; };
		68B4AB8523353E7C00847AB9 /* EggSettings.swift in Sources */ = {isa = PBXBuildFile; fileRef = 68B4AB8423353E7C00847AB9 /* EggSettings.swift */; };
/* End PBXBuildFile section */

/* Begin PBXContainerItemProxy section */
		68B1477F2343AD88007D5EDF /* PBXContainerItemProxy */ = {
			isa = PBXContainerItemProxy;
			containerPortal = 683B52B92329AA9F0053B213 /* Project object */;
			proxyType = 1;
			remoteGlobalIDString = 68B1477C2343AD88007D5EDF;
			remoteInfo = "Tiny Eggy Extension";
		};
		68B1478E2343AD89007D5EDF /* PBXContainerItemProxy */ = {
			isa = PBXContainerItemProxy;
			containerPortal = 683B52B92329AA9F0053B213 /* Project object */;
			proxyType = 1;
			remoteGlobalIDString = 68B147702343AD86007D5EDF;
			remoteInfo = "Tiny Eggy";
		};
/* End PBXContainerItemProxy section */

/* Begin PBXCopyFilesBuildPhase section */
		68B1475B23439B7D007D5EDF /* Embed App Extensions */ = {
			isa = PBXCopyFilesBuildPhase;
			buildActionMask = 2147483647;
			dstPath = "";
			dstSubfolderSpec = 13;
			files = (
				68B1476C2343A321007D5EDF /* Eggy Today.appex in Embed App Extensions */,
			);
			name = "Embed App Extensions";
			runOnlyForDeploymentPostprocessing = 0;
		};
		68B147912343AD89007D5EDF /* Embed Watch Content */ = {
			isa = PBXCopyFilesBuildPhase;
			buildActionMask = 2147483647;
			dstPath = "$(CONTENTS_FOLDER_PATH)/Watch";
			dstSubfolderSpec = 16;
			files = (
				68B147902343AD89007D5EDF /* Tiny Eggy.app in Embed Watch Content */,
			);
			name = "Embed Watch Content";
			runOnlyForDeploymentPostprocessing = 0;
		};
		68B147942343AD89007D5EDF /* Embed App Extensions */ = {
			isa = PBXCopyFilesBuildPhase;
			buildActionMask = 2147483647;
			dstPath = "";
			dstSubfolderSpec = 13;
			files = (
				68B1477E2343AD88007D5EDF /* Tiny Eggy Extension.appex in Embed App Extensions */,
			);
			name = "Embed App Extensions";
			runOnlyForDeploymentPostprocessing = 0;
		};
/* End PBXCopyFilesBuildPhase section */

/* Begin PBXFileReference section */
		68106BE72341AF0000DA61D9 /* DoneButton.swift */ = {isa = PBXFileReference; lastKnownFileType = sourcecode.swift; path = DoneButton.swift; sourceTree = "<group>"; };
		68106BEA234298F000DA61D9 /* HomeActionManager.swift */ = {isa = PBXFileReference; lastKnownFileType = sourcecode.swift; path = HomeActionManager.swift; sourceTree = "<group>"; };
		68106C222342B2B600DA61D9 /* Settings.xcdatamodel */ = {isa = PBXFileReference; lastKnownFileType = wrapper.xcdatamodel; path = Settings.xcdatamodel; sourceTree = "<group>"; };
		68106C252342B38E00DA61D9 /* EggStore.swift */ = {isa = PBXFileReference; lastKnownFileType = sourcecode.swift; path = EggStore.swift; sourceTree = "<group>"; };
		68106C4A2342F6D500DA61D9 /* TimerStore.swift */ = {isa = PBXFileReference; lastKnownFileType = sourcecode.swift; path = TimerStore.swift; sourceTree = "<group>"; };
		68106C4C2342F7D400DA61D9 /* UserDefault.swift */ = {isa = PBXFileReference; lastKnownFileType = sourcecode.swift; path = UserDefault.swift; sourceTree = "<group>"; };
		68106C4E234300C100DA61D9 /* EggTimer.swift */ = {isa = PBXFileReference; lastKnownFileType = sourcecode.swift; path = EggTimer.swift; sourceTree = "<group>"; };
		681D4BA8232AB0A300F483D3 /* Font.swift */ = {isa = PBXFileReference; lastKnownFileType = sourcecode.swift; path = Font.swift; sourceTree = "<group>"; };
		681D4BAA232AD85200F483D3 /* NotificationStore.swift */ = {isa = PBXFileReference; lastKnownFileType = sourcecode.swift; path = NotificationStore.swift; sourceTree = "<group>"; };
		681D4BBE232C37ED00F483D3 /* Color.swift */ = {isa = PBXFileReference; lastKnownFileType = sourcecode.swift; path = Color.swift; sourceTree = "<group>"; };
		683B52C12329AA9F0053B213 /* Eggy.app */ = {isa = PBXFileReference; explicitFileType = wrapper.application; includeInIndex = 0; path = Eggy.app; sourceTree = BUILT_PRODUCTS_DIR; };
		683B52C42329AA9F0053B213 /* AppDelegate.swift */ = {isa = PBXFileReference; lastKnownFileType = sourcecode.swift; path = AppDelegate.swift; sourceTree = "<group>"; };
		683B52C62329AA9F0053B213 /* SceneDelegate.swift */ = {isa = PBXFileReference; lastKnownFileType = sourcecode.swift; path = SceneDelegate.swift; sourceTree = "<group>"; };
		683B52C82329AA9F0053B213 /* RootView.swift */ = {isa = PBXFileReference; lastKnownFileType = sourcecode.swift; path = RootView.swift; sourceTree = "<group>"; };
		683B52CA2329AAA70053B213 /* Assets.xcassets */ = {isa = PBXFileReference; lastKnownFileType = folder.assetcatalog; path = Assets.xcassets; sourceTree = "<group>"; };
		683B52CD2329AAA70053B213 /* Preview Assets.xcassets */ = {isa = PBXFileReference; lastKnownFileType = folder.assetcatalog; path = "Preview Assets.xcassets"; sourceTree = "<group>"; };
		683B52D02329AAA70053B213 /* Base */ = {isa = PBXFileReference; lastKnownFileType = file.storyboard; name = Base; path = Base.lproj/LaunchScreen.storyboard; sourceTree = "<group>"; };
		683B52D22329AAA70053B213 /* Info.plist */ = {isa = PBXFileReference; lastKnownFileType = text.plist.xml; path = Info.plist; sourceTree = "<group>"; };
		683B52D92329E0E10053B213 /* Double.swift */ = {isa = PBXFileReference; lastKnownFileType = sourcecode.swift; path = Double.swift; sourceTree = "<group>"; };
		683B52DB2329E0FF0053B213 /* UserDefaults.swift */ = {isa = PBXFileReference; lastKnownFileType = sourcecode.swift; path = UserDefaults.swift; sourceTree = "<group>"; };
		683B52DE2329E12D0053B213 /* Enum+EggKey.swift */ = {isa = PBXFileReference; lastKnownFileType = sourcecode.swift; path = "Enum+EggKey.swift"; sourceTree = "<group>"; };
		683B52E02329E2AD0053B213 /* Constants.swift */ = {isa = PBXFileReference; lastKnownFileType = sourcecode.swift; path = Constants.swift; sourceTree = "<group>"; };
		683B52E32329E2E30053B213 /* AltimeterProxy.swift */ = {isa = PBXFileReference; lastKnownFileType = sourcecode.swift; path = AltimeterProxy.swift; sourceTree = "<group>"; };
		683B52E62329E3150053B213 /* Store.swift */ = {isa = PBXFileReference; lastKnownFileType = sourcecode.swift; path = Store.swift; sourceTree = "<group>"; };
		683B52EB2329E9F20053B213 /* Enum+TimerState.swift */ = {isa = PBXFileReference; lastKnownFileType = sourcecode.swift; path = "Enum+TimerState.swift"; sourceTree = "<group>"; };
		683B52F0232A19C30053B213 /* View.swift */ = {isa = PBXFileReference; lastKnownFileType = sourcecode.swift; path = View.swift; sourceTree = "<group>"; };
		683B52F2232A2F0D0053B213 /* AnyTransition.swift */ = {isa = PBXFileReference; lastKnownFileType = sourcecode.swift; path = AnyTransition.swift; sourceTree = "<group>"; };
		683F7B02234004630091B97B /* Tiny Eggy.app */ = {isa = PBXFileReference; explicitFileType = wrapper.application; includeInIndex = 0; name = "Tiny Eggy.app"; path = "/Users/ericlewis/Work/EggyGM/Eggy/build/Debug-watchos/Tiny Eggy.app"; sourceTree = "<absolute>"; };
		68465A90232A9A8600F934BA /* SlidersView.swift */ = {isa = PBXFileReference; lastKnownFileType = sourcecode.swift; path = SlidersView.swift; sourceTree = "<group>"; };
		68465A92232A9AC900F934BA /* EggView.swift */ = {isa = PBXFileReference; lastKnownFileType = sourcecode.swift; path = EggView.swift; sourceTree = "<group>"; };
		68465A94232A9B0D00F934BA /* SettingsButton.swift */ = {isa = PBXFileReference; lastKnownFileType = sourcecode.swift; path = SettingsButton.swift; sourceTree = "<group>"; };
		68465A96232A9B2700F934BA /* SettingsView.swift */ = {isa = PBXFileReference; lastKnownFileType = sourcecode.swift; path = SettingsView.swift; sourceTree = "<group>"; };
		68465A98232A9B4600F934BA /* StartButton.swift */ = {isa = PBXFileReference; lastKnownFileType = sourcecode.swift; path = StartButton.swift; sourceTree = "<group>"; };
		68465A9A232A9B6300F934BA /* ContentView.swift */ = {isa = PBXFileReference; lastKnownFileType = sourcecode.swift; path = ContentView.swift; sourceTree = "<group>"; };
		68465A9C232A9BB200F934BA /* EndDateView.swift */ = {isa = PBXFileReference; lastKnownFileType = sourcecode.swift; path = EndDateView.swift; sourceTree = "<group>"; };
		68465AA7232A9E7800F934BA /* Enum+SettingsKey.swift */ = {isa = PBXFileReference; lastKnownFileType = sourcecode.swift; path = "Enum+SettingsKey.swift"; sourceTree = "<group>"; };
		68465AA9232AA4B500F934BA /* SettingsStore.swift */ = {isa = PBXFileReference; lastKnownFileType = sourcecode.swift; path = SettingsStore.swift; sourceTree = "<group>"; };
		688348CC23408B71002345A5 /* CHANGELOG.md */ = {isa = PBXFileReference; lastKnownFileType = net.daringfireball.markdown; path = CHANGELOG.md; sourceTree = "<group>"; };
		68B1474B23439B7C007D5EDF /* Eggy Today.appex */ = {isa = PBXFileReference; explicitFileType = "wrapper.app-extension"; includeInIndex = 0; path = "Eggy Today.appex"; sourceTree = BUILT_PRODUCTS_DIR; };
		68B1474C23439B7D007D5EDF /* NotificationCenter.framework */ = {isa = PBXFileReference; lastKnownFileType = wrapper.framework; name = NotificationCenter.framework; path = System/Library/Frameworks/NotificationCenter.framework; sourceTree = SDKROOT; };
		68B1474F23439B7D007D5EDF /* TodayViewController.swift */ = {isa = PBXFileReference; lastKnownFileType = sourcecode.swift; path = TodayViewController.swift; sourceTree = "<group>"; };
		68B1475223439B7D007D5EDF /* Base */ = {isa = PBXFileReference; lastKnownFileType = file.storyboard; name = Base; path = Base.lproj/MainInterface.storyboard; sourceTree = "<group>"; };
		68B1475423439B7D007D5EDF /* Info.plist */ = {isa = PBXFileReference; lastKnownFileType = text.plist.xml; path = Info.plist; sourceTree = "<group>"; };
		68B1475C23439CD6007D5EDF /* RootView.swift */ = {isa = PBXFileReference; lastKnownFileType = sourcecode.swift; path = RootView.swift; sourceTree = "<group>"; };
		68B1475E2343A09F007D5EDF /* Eggy Today.entitlements */ = {isa = PBXFileReference; lastKnownFileType = text.plist.entitlements; path = "Eggy Today.entitlements"; sourceTree = "<group>"; };
		68B147712343AD86007D5EDF /* Tiny Eggy.app */ = {isa = PBXFileReference; explicitFileType = wrapper.application; includeInIndex = 0; path = "Tiny Eggy.app"; sourceTree = BUILT_PRODUCTS_DIR; };
		68B147742343AD86007D5EDF /* Base */ = {isa = PBXFileReference; lastKnownFileType = file.storyboard; name = Base; path = Base.lproj/Interface.storyboard; sourceTree = "<group>"; };
		68B147762343AD88007D5EDF /* Assets.xcassets */ = {isa = PBXFileReference; lastKnownFileType = folder.assetcatalog; path = Assets.xcassets; sourceTree = "<group>"; };
		68B147782343AD88007D5EDF /* Info.plist */ = {isa = PBXFileReference; lastKnownFileType = text.plist.xml; path = Info.plist; sourceTree = "<group>"; };
		68B1477D2343AD88007D5EDF /* Tiny Eggy Extension.appex */ = {isa = PBXFileReference; explicitFileType = "wrapper.app-extension"; includeInIndex = 0; path = "Tiny Eggy Extension.appex"; sourceTree = BUILT_PRODUCTS_DIR; };
		68B147822343AD88007D5EDF /* ContentView.swift */ = {isa = PBXFileReference; lastKnownFileType = sourcecode.swift; path = ContentView.swift; sourceTree = "<group>"; };
		68B147842343AD88007D5EDF /* HostingController.swift */ = {isa = PBXFileReference; lastKnownFileType = sourcecode.swift; path = HostingController.swift; sourceTree = "<group>"; };
		68B147862343AD88007D5EDF /* ExtensionDelegate.swift */ = {isa = PBXFileReference; lastKnownFileType = sourcecode.swift; path = ExtensionDelegate.swift; sourceTree = "<group>"; };
		68B147882343AD89007D5EDF /* Assets.xcassets */ = {isa = PBXFileReference; lastKnownFileType = folder.assetcatalog; path = Assets.xcassets; sourceTree = "<group>"; };
		68B1478B2343AD89007D5EDF /* Preview Assets.xcassets */ = {isa = PBXFileReference; lastKnownFileType = folder.assetcatalog; path = "Preview Assets.xcassets"; sourceTree = "<group>"; };
		68B1478D2343AD89007D5EDF /* Info.plist */ = {isa = PBXFileReference; lastKnownFileType = text.plist.xml; path = Info.plist; sourceTree = "<group>"; };
		68B4AB6A233524DD00847AB9 /* Eggy.entitlements */ = {isa = PBXFileReference; lastKnownFileType = text.plist.entitlements; path = Eggy.entitlements; sourceTree = "<group>"; };
		68B4AB742335396600847AB9 /* CloudKit.framework */ = {isa = PBXFileReference; lastKnownFileType = wrapper.framework; name = CloudKit.framework; path = System/Library/Frameworks/CloudKit.framework; sourceTree = SDKROOT; };
		68B4AB8423353E7C00847AB9 /* EggSettings.swift */ = {isa = PBXFileReference; lastKnownFileType = sourcecode.swift; path = EggSettings.swift; sourceTree = "<group>"; };
/* End PBXFileReference section */

/* Begin PBXFrameworksBuildPhase section */
		683B52BE2329AA9F0053B213 /* Frameworks */ = {
			isa = PBXFrameworksBuildPhase;
			buildActionMask = 2147483647;
			files = (
				68106C242342B34500DA61D9 /* CloudKit.framework in Frameworks */,
				683B52EF2329F4790053B213 /* SFSafeSymbols in Frameworks */,
			);
			runOnlyForDeploymentPostprocessing = 0;
		};
		68B1474823439B7C007D5EDF /* Frameworks */ = {
			isa = PBXFrameworksBuildPhase;
			buildActionMask = 2147483647;
			files = (
				68B1474D23439B7D007D5EDF /* NotificationCenter.framework in Frameworks */,
			);
			runOnlyForDeploymentPostprocessing = 0;
		};
		68B1477A2343AD88007D5EDF /* Frameworks */ = {
			isa = PBXFrameworksBuildPhase;
			buildActionMask = 2147483647;
			files = (
			);
			runOnlyForDeploymentPostprocessing = 0;
		};
/* End PBXFrameworksBuildPhase section */

/* Begin PBXGroup section */
		68106BE9234298B200DA61D9 /* Managers */ = {
			isa = PBXGroup;
			children = (
				68106BEA234298F000DA61D9 /* HomeActionManager.swift */,
			);
			path = Managers;
			sourceTree = "<group>";
		};
		683B52B82329AA9F0053B213 = {
			isa = PBXGroup;
			children = (
				688348CC23408B71002345A5 /* CHANGELOG.md */,
				68B1475F2343A240007D5EDF /* Shared */,
				683B52C32329AA9F0053B213 /* Eggy */,
				68B1474E23439B7D007D5EDF /* Eggy Today */,
				68B147722343AD86007D5EDF /* Tiny Eggy */,
				68B147812343AD88007D5EDF /* Tiny Eggy Extension */,
				683B52C22329AA9F0053B213 /* Products */,
				68B4AB732335396600847AB9 /* Frameworks */,
				688348C923408064002345A5 /* Recovered References */,
			);
			sourceTree = "<group>";
		};
		683B52C22329AA9F0053B213 /* Products */ = {
			isa = PBXGroup;
			children = (
				683B52C12329AA9F0053B213 /* Eggy.app */,
				68B1474B23439B7C007D5EDF /* Eggy Today.appex */,
				68B147712343AD86007D5EDF /* Tiny Eggy.app */,
				68B1477D2343AD88007D5EDF /* Tiny Eggy Extension.appex */,
			);
			name = Products;
			sourceTree = "<group>";
		};
		683B52C32329AA9F0053B213 /* Eggy */ = {
			isa = PBXGroup;
			children = (
				683B52E92329E33B0053B213 /* App Launch */,
				68106BE9234298B200DA61D9 /* Managers */,
				683B52EA2329E3450053B213 /* Supporting Files */,
				683B52E82329E3320053B213 /* Views */,
			);
			path = Eggy;
			sourceTree = "<group>";
		};
		683B52CC2329AAA70053B213 /* Preview Content */ = {
			isa = PBXGroup;
			children = (
				683B52CD2329AAA70053B213 /* Preview Assets.xcassets */,
			);
			path = "Preview Content";
			sourceTree = "<group>";
		};
		683B52D82329E0CB0053B213 /* Extensions */ = {
			isa = PBXGroup;
			children = (
				683B52D92329E0E10053B213 /* Double.swift */,
				683B52DB2329E0FF0053B213 /* UserDefaults.swift */,
				683B52F0232A19C30053B213 /* View.swift */,
				683B52F2232A2F0D0053B213 /* AnyTransition.swift */,
				681D4BA8232AB0A300F483D3 /* Font.swift */,
				681D4BBE232C37ED00F483D3 /* Color.swift */,
			);
			path = Extensions;
			sourceTree = "<group>";
		};
		683B52E22329E2C90053B213 /* Proxies */ = {
			isa = PBXGroup;
			children = (
				683B52E32329E2E30053B213 /* AltimeterProxy.swift */,
			);
			path = Proxies;
			sourceTree = "<group>";
		};
		683B52E52329E30B0053B213 /* Stores */ = {
			isa = PBXGroup;
			children = (
				683B52E62329E3150053B213 /* Store.swift */,
				68465AA9232AA4B500F934BA /* SettingsStore.swift */,
				681D4BAA232AD85200F483D3 /* NotificationStore.swift */,
				68106C252342B38E00DA61D9 /* EggStore.swift */,
				68106C4A2342F6D500DA61D9 /* TimerStore.swift */,
			);
			path = Stores;
			sourceTree = "<group>";
		};
		683B52E82329E3320053B213 /* Views */ = {
			isa = PBXGroup;
			children = (
				683B52C82329AA9F0053B213 /* RootView.swift */,
				68465A90232A9A8600F934BA /* SlidersView.swift */,
				68465A94232A9B0D00F934BA /* SettingsButton.swift */,
				68465A96232A9B2700F934BA /* SettingsView.swift */,
				68465A98232A9B4600F934BA /* StartButton.swift */,
				68465A9A232A9B6300F934BA /* ContentView.swift */,
				68465A9C232A9BB200F934BA /* EndDateView.swift */,
				68106BE72341AF0000DA61D9 /* DoneButton.swift */,
			);
			path = Views;
			sourceTree = "<group>";
		};
		683B52E92329E33B0053B213 /* App Launch */ = {
			isa = PBXGroup;
			children = (
				683B52C42329AA9F0053B213 /* AppDelegate.swift */,
				683B52C62329AA9F0053B213 /* SceneDelegate.swift */,
			);
			path = "App Launch";
			sourceTree = "<group>";
		};
		683B52EA2329E3450053B213 /* Supporting Files */ = {
			isa = PBXGroup;
			children = (
				68B4AB6A233524DD00847AB9 /* Eggy.entitlements */,
				683B52CC2329AAA70053B213 /* Preview Content */,
				683B52D22329AAA70053B213 /* Info.plist */,
				683B52CF2329AAA70053B213 /* LaunchScreen.storyboard */,
				683B52CA2329AAA70053B213 /* Assets.xcassets */,
			);
			path = "Supporting Files";
			sourceTree = "<group>";
		};
		68465A9E232A9CA100F934BA /* Property Wrappers */ = {
			isa = PBXGroup;
			children = (
				68106C4C2342F7D400DA61D9 /* UserDefault.swift */,
			);
			path = "Property Wrappers";
			sourceTree = "<group>";
		};
		688348C923408064002345A5 /* Recovered References */ = {
			isa = PBXGroup;
			children = (
				683F7B02234004630091B97B /* Tiny Eggy.app */,
			);
			name = "Recovered References";
			sourceTree = "<group>";
		};
		68B1474E23439B7D007D5EDF /* Eggy Today */ = {
			isa = PBXGroup;
			children = (
				68B1475E2343A09F007D5EDF /* Eggy Today.entitlements */,
				68B1474F23439B7D007D5EDF /* TodayViewController.swift */,
				68B1475123439B7D007D5EDF /* MainInterface.storyboard */,
				68B1475423439B7D007D5EDF /* Info.plist */,
				68B1475C23439CD6007D5EDF /* RootView.swift */,
			);
			path = "Eggy Today";
			sourceTree = "<group>";
		};
		68B1475F2343A240007D5EDF /* Shared */ = {
			isa = PBXGroup;
			children = (
				683B52D82329E0CB0053B213 /* Extensions */,
				68B147AB2343AE21007D5EDF /* Managers */,
				68B147602343A261007D5EDF /* Models */,
				68465A9E232A9CA100F934BA /* Property Wrappers */,
				683B52E22329E2C90053B213 /* Proxies */,
				683B52E52329E30B0053B213 /* Stores */,
				68B147AE2343AF78007D5EDF /* Views */,
			);
			path = Shared;
			sourceTree = "<group>";
		};
		68B147602343A261007D5EDF /* Models */ = {
			isa = PBXGroup;
			children = (
				68106C212342B2B600DA61D9 /* Settings.xcdatamodeld */,
				68B4AB8423353E7C00847AB9 /* EggSettings.swift */,
				683B52E02329E2AD0053B213 /* Constants.swift */,
				683B52DE2329E12D0053B213 /* Enum+EggKey.swift */,
				68465AA7232A9E7800F934BA /* Enum+SettingsKey.swift */,
				683B52EB2329E9F20053B213 /* Enum+TimerState.swift */,
			);
			path = Models;
			sourceTree = "<group>";
		};
		68B147722343AD86007D5EDF /* Tiny Eggy */ = {
			isa = PBXGroup;
			children = (
				68B147732343AD86007D5EDF /* Interface.storyboard */,
				68B147762343AD88007D5EDF /* Assets.xcassets */,
				68B147782343AD88007D5EDF /* Info.plist */,
			);
			path = "Tiny Eggy";
			sourceTree = "<group>";
		};
		68B147812343AD88007D5EDF /* Tiny Eggy Extension */ = {
			isa = PBXGroup;
			children = (
				68B147822343AD88007D5EDF /* ContentView.swift */,
				68B147842343AD88007D5EDF /* HostingController.swift */,
				68B147862343AD88007D5EDF /* ExtensionDelegate.swift */,
				68B147882343AD89007D5EDF /* Assets.xcassets */,
				68B1478D2343AD89007D5EDF /* Info.plist */,
				68B1478A2343AD89007D5EDF /* Preview Content */,
			);
			path = "Tiny Eggy Extension";
			sourceTree = "<group>";
		};
		68B1478A2343AD89007D5EDF /* Preview Content */ = {
			isa = PBXGroup;
			children = (
				68B1478B2343AD89007D5EDF /* Preview Assets.xcassets */,
			);
			path = "Preview Content";
			sourceTree = "<group>";
		};
		68B147AB2343AE21007D5EDF /* Managers */ = {
			isa = PBXGroup;
			children = (
				68106C4E234300C100DA61D9 /* EggTimer.swift */,
			);
			path = Managers;
			sourceTree = "<group>";
		};
		68B147AE2343AF78007D5EDF /* Views */ = {
			isa = PBXGroup;
			children = (
				68465A92232A9AC900F934BA /* EggView.swift */,
			);
			path = Views;
			sourceTree = "<group>";
		};
		68B4AB732335396600847AB9 /* Frameworks */ = {
			isa = PBXGroup;
			children = (
				68B4AB742335396600847AB9 /* CloudKit.framework */,
				68B1474C23439B7D007D5EDF /* NotificationCenter.framework */,
			);
			name = Frameworks;
			sourceTree = "<group>";
		};
/* End PBXGroup section */

/* Begin PBXNativeTarget section */
		683B52C02329AA9F0053B213 /* Eggy */ = {
			isa = PBXNativeTarget;
			buildConfigurationList = 683B52D52329AAA70053B213 /* Build configuration list for PBXNativeTarget "Eggy" */;
			buildPhases = (
				683B52BD2329AA9F0053B213 /* Sources */,
				683B52BE2329AA9F0053B213 /* Frameworks */,
				683B52BF2329AA9F0053B213 /* Resources */,
				68B1475B23439B7D007D5EDF /* Embed App Extensions */,
				683F7AFF2340009E0091B97B /* ShellScript */,
				68B147912343AD89007D5EDF /* Embed Watch Content */,
			);
			buildRules = (
			);
			dependencies = (
				68B1478F2343AD89007D5EDF /* PBXTargetDependency */,
			);
			name = Eggy;
			packageProductDependencies = (
				683B52EE2329F4790053B213 /* SFSafeSymbols */,
			);
			productName = Eggy;
			productReference = 683B52C12329AA9F0053B213 /* Eggy.app */;
			productType = "com.apple.product-type.application";
		};
		68B1474A23439B7C007D5EDF /* Eggy Today */ = {
			isa = PBXNativeTarget;
			buildConfigurationList = 68B1475823439B7D007D5EDF /* Build configuration list for PBXNativeTarget "Eggy Today" */;
			buildPhases = (
				68B1474723439B7C007D5EDF /* Sources */,
				68B1474823439B7C007D5EDF /* Frameworks */,
				68B1474923439B7C007D5EDF /* Resources */,
			);
			buildRules = (
			);
			dependencies = (
			);
			name = "Eggy Today";
			productName = "Eggy Today";
			productReference = 68B1474B23439B7C007D5EDF /* Eggy Today.appex */;
			productType = "com.apple.product-type.app-extension";
		};
		68B147702343AD86007D5EDF /* Tiny Eggy */ = {
			isa = PBXNativeTarget;
			buildConfigurationList = 68B147982343AD89007D5EDF /* Build configuration list for PBXNativeTarget "Tiny Eggy" */;
			buildPhases = (
				68B1476F2343AD86007D5EDF /* Resources */,
				68B147942343AD89007D5EDF /* Embed App Extensions */,
			);
			buildRules = (
			);
			dependencies = (
				68B147802343AD88007D5EDF /* PBXTargetDependency */,
			);
			name = "Tiny Eggy";
			productName = "Tiny Eggy";
			productReference = 68B147712343AD86007D5EDF /* Tiny Eggy.app */;
			productType = "com.apple.product-type.application.watchapp2";
		};
		68B1477C2343AD88007D5EDF /* Tiny Eggy Extension */ = {
			isa = PBXNativeTarget;
			buildConfigurationList = 68B147972343AD89007D5EDF /* Build configuration list for PBXNativeTarget "Tiny Eggy Extension" */;
			buildPhases = (
				68B147792343AD88007D5EDF /* Sources */,
				68B1477A2343AD88007D5EDF /* Frameworks */,
				68B1477B2343AD88007D5EDF /* Resources */,
			);
			buildRules = (
			);
			dependencies = (
			);
			name = "Tiny Eggy Extension";
			productName = "Tiny Eggy Extension";
			productReference = 68B1477D2343AD88007D5EDF /* Tiny Eggy Extension.appex */;
			productType = "com.apple.product-type.watchkit2-extension";
		};
/* End PBXNativeTarget section */

/* Begin PBXProject section */
		683B52B92329AA9F0053B213 /* Project object */ = {
			isa = PBXProject;
			attributes = {
				LastSwiftUpdateCheck = 1110;
				LastUpgradeCheck = 1100;
				ORGANIZATIONNAME = "Eric Lewis, Inc.";
				TargetAttributes = {
					683B52C02329AA9F0053B213 = {
						CreatedOnToolsVersion = 11.0;
					};
					68B1474A23439B7C007D5EDF = {
						CreatedOnToolsVersion = 11.1;
					};
					68B147702343AD86007D5EDF = {
						CreatedOnToolsVersion = 11.1;
					};
					68B1477C2343AD88007D5EDF = {
						CreatedOnToolsVersion = 11.1;
					};
				};
			};
			buildConfigurationList = 683B52BC2329AA9F0053B213 /* Build configuration list for PBXProject "Eggy" */;
			compatibilityVersion = "Xcode 9.3";
			developmentRegion = en;
			hasScannedForEncodings = 0;
			knownRegions = (
				en,
				Base,
			);
			mainGroup = 683B52B82329AA9F0053B213;
			packageReferences = (
				683B52ED2329F4790053B213 /* XCRemoteSwiftPackageReference "SFSafeSymbols" */,
			);
			productRefGroup = 683B52C22329AA9F0053B213 /* Products */;
			projectDirPath = "";
			projectRoot = "";
			targets = (
				683B52C02329AA9F0053B213 /* Eggy */,
				68B1474A23439B7C007D5EDF /* Eggy Today */,
				68B147702343AD86007D5EDF /* Tiny Eggy */,
				68B1477C2343AD88007D5EDF /* Tiny Eggy Extension */,
			);
		};
/* End PBXProject section */

/* Begin PBXResourcesBuildPhase section */
		683B52BF2329AA9F0053B213 /* Resources */ = {
			isa = PBXResourcesBuildPhase;
			buildActionMask = 2147483647;
			files = (
				683B52D12329AAA70053B213 /* LaunchScreen.storyboard in Resources */,
				683B52CE2329AAA70053B213 /* Preview Assets.xcassets in Resources */,
				683B52CB2329AAA70053B213 /* Assets.xcassets in Resources */,
			);
			runOnlyForDeploymentPostprocessing = 0;
		};
		68B1474923439B7C007D5EDF /* Resources */ = {
			isa = PBXResourcesBuildPhase;
			buildActionMask = 2147483647;
			files = (
				68B1475323439B7D007D5EDF /* MainInterface.storyboard in Resources */,
			);
			runOnlyForDeploymentPostprocessing = 0;
		};
		68B1476F2343AD86007D5EDF /* Resources */ = {
			isa = PBXResourcesBuildPhase;
			buildActionMask = 2147483647;
			files = (
				68B147772343AD88007D5EDF /* Assets.xcassets in Resources */,
				68B147752343AD86007D5EDF /* Interface.storyboard in Resources */,
			);
			runOnlyForDeploymentPostprocessing = 0;
		};
		68B1477B2343AD88007D5EDF /* Resources */ = {
			isa = PBXResourcesBuildPhase;
			buildActionMask = 2147483647;
			files = (
				68B1478C2343AD89007D5EDF /* Preview Assets.xcassets in Resources */,
				68B147892343AD89007D5EDF /* Assets.xcassets in Resources */,
			);
			runOnlyForDeploymentPostprocessing = 0;
		};
/* End PBXResourcesBuildPhase section */

/* Begin PBXShellScriptBuildPhase section */
		683F7AFF2340009E0091B97B /* ShellScript */ = {
			isa = PBXShellScriptBuildPhase;
			buildActionMask = 2147483647;
			files = (
			);
			inputFileListPaths = (
			);
			inputPaths = (
			);
			outputFileListPaths = (
			);
			outputPaths = (
			);
			runOnlyForDeploymentPostprocessing = 0;
			shellPath = /bin/sh;
			shellScript = "xcrun agvtool next-version -all\n";
		};
/* End PBXShellScriptBuildPhase section */

/* Begin PBXSourcesBuildPhase section */
		683B52BD2329AA9F0053B213 /* Sources */ = {
			isa = PBXSourcesBuildPhase;
			buildActionMask = 2147483647;
			files = (
				68B4AB8523353E7C00847AB9 /* EggSettings.swift in Sources */,
				683B52E42329E2E30053B213 /* AltimeterProxy.swift in Sources */,
				683B52DA2329E0E10053B213 /* Double.swift in Sources */,
				683B52DC2329E0FF0053B213 /* UserDefaults.swift in Sources */,
				68106BEB234298F000DA61D9 /* HomeActionManager.swift in Sources */,
				681D4BA9232AB0A300F483D3 /* Font.swift in Sources */,
				683B52E72329E3150053B213 /* Store.swift in Sources */,
				68465A93232A9AC900F934BA /* EggView.swift in Sources */,
				681D4BAB232AD85200F483D3 /* NotificationStore.swift in Sources */,
				68106C262342B38E00DA61D9 /* EggStore.swift in Sources */,
				683B52EC2329E9F20053B213 /* Enum+TimerState.swift in Sources */,
				68106C4D2342F7D400DA61D9 /* UserDefault.swift in Sources */,
				68465A99232A9B4600F934BA /* StartButton.swift in Sources */,
				683B52F3232A2F0D0053B213 /* AnyTransition.swift in Sources */,
				68106BE82341AF0000DA61D9 /* DoneButton.swift in Sources */,
				68465A95232A9B0D00F934BA /* SettingsButton.swift in Sources */,
				68465AAA232AA4B500F934BA /* SettingsStore.swift in Sources */,
				683B52C52329AA9F0053B213 /* AppDelegate.swift in Sources */,
				68465A9D232A9BB200F934BA /* EndDateView.swift in Sources */,
				68106C232342B2B600DA61D9 /* Settings.xcdatamodeld in Sources */,
				68106C4B2342F6D500DA61D9 /* TimerStore.swift in Sources */,
				68465A97232A9B2700F934BA /* SettingsView.swift in Sources */,
				683B52C72329AA9F0053B213 /* SceneDelegate.swift in Sources */,
				683B52E12329E2AD0053B213 /* Constants.swift in Sources */,
				681D4BBF232C37ED00F483D3 /* Color.swift in Sources */,
				683B52DF2329E12D0053B213 /* Enum+EggKey.swift in Sources */,
				68465A9B232A9B6300F934BA /* ContentView.swift in Sources */,
				68465AA8232A9E7800F934BA /* Enum+SettingsKey.swift in Sources */,
				68465A91232A9A8600F934BA /* SlidersView.swift in Sources */,
				68106C4F234300C100DA61D9 /* EggTimer.swift in Sources */,
				683B52F1232A19C30053B213 /* View.swift in Sources */,
				683B52C92329AA9F0053B213 /* RootView.swift in Sources */,
			);
			runOnlyForDeploymentPostprocessing = 0;
		};
		68B1474723439B7C007D5EDF /* Sources */ = {
			isa = PBXSourcesBuildPhase;
			buildActionMask = 2147483647;
			files = (
				68B147622343A26D007D5EDF /* Enum+EggKey.swift in Sources */,
				68B147652343A2A8007D5EDF /* UserDefault.swift in Sources */,
				68B147682343A2B7007D5EDF /* View.swift in Sources */,
				68B147662343A2B7007D5EDF /* Double.swift in Sources */,
				68B1476B2343A2B7007D5EDF /* Color.swift in Sources */,
				68B147632343A26D007D5EDF /* Enum+SettingsKey.swift in Sources */,
				68B147642343A26D007D5EDF /* Enum+TimerState.swift in Sources */,
				68B147692343A2B7007D5EDF /* AnyTransition.swift in Sources */,
				68B147672343A2B7007D5EDF /* UserDefaults.swift in Sources */,
				68B1476A2343A2B7007D5EDF /* Font.swift in Sources */,
				68B1475D23439CD6007D5EDF /* RootView.swift in Sources */,
				68B1475023439B7D007D5EDF /* TodayViewController.swift in Sources */,
				68B147612343A26D007D5EDF /* Constants.swift in Sources */,
			);
			runOnlyForDeploymentPostprocessing = 0;
		};
		68B147792343AD88007D5EDF /* Sources */ = {
			isa = PBXSourcesBuildPhase;
			buildActionMask = 2147483647;
			files = (
				68B147A12343ADB0007D5EDF /* Enum+EggKey.swift in Sources */,
				68B147A92343AE02007D5EDF /* Settings.xcdatamodeld in Sources */,
				68B147AC2343AE2D007D5EDF /* EggTimer.swift in Sources */,
				68B147A82343ADF2007D5EDF /* TimerStore.swift in Sources */,
				68B147852343AD88007D5EDF /* HostingController.swift in Sources */,
				68B147A02343ADB0007D5EDF /* Constants.swift in Sources */,
				68B1479C2343ADA6007D5EDF /* AnyTransition.swift in Sources */,
				68B1479F2343ADAB007D5EDF /* UserDefault.swift in Sources */,
				68B147A72343ADF2007D5EDF /* EggStore.swift in Sources */,
				68B1479A2343ADA6007D5EDF /* UserDefaults.swift in Sources */,
				68B147A62343ADF2007D5EDF /* NotificationStore.swift in Sources */,
				68B147A32343ADB0007D5EDF /* Enum+TimerState.swift in Sources */,
				68B147AD2343AE4C007D5EDF /* AltimeterProxy.swift in Sources */,
				68B147A42343ADF2007D5EDF /* Store.swift in Sources */,
				68B1479D2343ADA6007D5EDF /* Font.swift in Sources */,
				68B147AF2343AF88007D5EDF /* EggView.swift in Sources */,
				68B147832343AD88007D5EDF /* ContentView.swift in Sources */,
				68B147A22343ADB0007D5EDF /* Enum+SettingsKey.swift in Sources */,
				68B147992343ADA6007D5EDF /* Double.swift in Sources */,
				68B147AA2343AE0E007D5EDF /* EggSettings.swift in Sources */,
				68B147872343AD88007D5EDF /* ExtensionDelegate.swift in Sources */,
				68B147A52343ADF2007D5EDF /* SettingsStore.swift in Sources */,
				68B1479E2343ADA6007D5EDF /* Color.swift in Sources */,
			);
			runOnlyForDeploymentPostprocessing = 0;
		};
/* End PBXSourcesBuildPhase section */

/* Begin PBXTargetDependency section */
		68B147802343AD88007D5EDF /* PBXTargetDependency */ = {
			isa = PBXTargetDependency;
			target = 68B1477C2343AD88007D5EDF /* Tiny Eggy Extension */;
			targetProxy = 68B1477F2343AD88007D5EDF /* PBXContainerItemProxy */;
		};
		68B1478F2343AD89007D5EDF /* PBXTargetDependency */ = {
			isa = PBXTargetDependency;
			platformFilter = ios;
			target = 68B147702343AD86007D5EDF /* Tiny Eggy */;
			targetProxy = 68B1478E2343AD89007D5EDF /* PBXContainerItemProxy */;
		};
/* End PBXTargetDependency section */

/* Begin PBXVariantGroup section */
		683B52CF2329AAA70053B213 /* LaunchScreen.storyboard */ = {
			isa = PBXVariantGroup;
			children = (
				683B52D02329AAA70053B213 /* Base */,
			);
			name = LaunchScreen.storyboard;
			sourceTree = "<group>";
		};
		68B1475123439B7D007D5EDF /* MainInterface.storyboard */ = {
			isa = PBXVariantGroup;
			children = (
				68B1475223439B7D007D5EDF /* Base */,
			);
			name = MainInterface.storyboard;
			sourceTree = "<group>";
		};
		68B147732343AD86007D5EDF /* Interface.storyboard */ = {
			isa = PBXVariantGroup;
			children = (
				68B147742343AD86007D5EDF /* Base */,
			);
			name = Interface.storyboard;
			sourceTree = "<group>";
		};
/* End PBXVariantGroup section */

/* Begin XCBuildConfiguration section */
		683B52D32329AAA70053B213 /* Debug */ = {
			isa = XCBuildConfiguration;
			buildSettings = {
				ALWAYS_SEARCH_USER_PATHS = NO;
				CLANG_ANALYZER_NONNULL = YES;
				CLANG_ANALYZER_NUMBER_OBJECT_CONVERSION = YES_AGGRESSIVE;
				CLANG_CXX_LANGUAGE_STANDARD = "gnu++14";
				CLANG_CXX_LIBRARY = "libc++";
				CLANG_ENABLE_MODULES = YES;
				CLANG_ENABLE_OBJC_ARC = YES;
				CLANG_ENABLE_OBJC_WEAK = YES;
				CLANG_WARN_BLOCK_CAPTURE_AUTORELEASING = YES;
				CLANG_WARN_BOOL_CONVERSION = YES;
				CLANG_WARN_COMMA = YES;
				CLANG_WARN_CONSTANT_CONVERSION = YES;
				CLANG_WARN_DEPRECATED_OBJC_IMPLEMENTATIONS = YES;
				CLANG_WARN_DIRECT_OBJC_ISA_USAGE = YES_ERROR;
				CLANG_WARN_DOCUMENTATION_COMMENTS = YES;
				CLANG_WARN_EMPTY_BODY = YES;
				CLANG_WARN_ENUM_CONVERSION = YES;
				CLANG_WARN_INFINITE_RECURSION = YES;
				CLANG_WARN_INT_CONVERSION = YES;
				CLANG_WARN_NON_LITERAL_NULL_CONVERSION = YES;
				CLANG_WARN_OBJC_IMPLICIT_RETAIN_SELF = YES;
				CLANG_WARN_OBJC_LITERAL_CONVERSION = YES;
				CLANG_WARN_OBJC_ROOT_CLASS = YES_ERROR;
				CLANG_WARN_RANGE_LOOP_ANALYSIS = YES;
				CLANG_WARN_STRICT_PROTOTYPES = YES;
				CLANG_WARN_SUSPICIOUS_MOVE = YES;
				CLANG_WARN_UNGUARDED_AVAILABILITY = YES_AGGRESSIVE;
				CLANG_WARN_UNREACHABLE_CODE = YES;
				CLANG_WARN__DUPLICATE_METHOD_MATCH = YES;
				COPY_PHASE_STRIP = NO;
				DEBUG_INFORMATION_FORMAT = dwarf;
				ENABLE_STRICT_OBJC_MSGSEND = YES;
				ENABLE_TESTABILITY = YES;
				GCC_C_LANGUAGE_STANDARD = gnu11;
				GCC_DYNAMIC_NO_PIC = NO;
				GCC_NO_COMMON_BLOCKS = YES;
				GCC_OPTIMIZATION_LEVEL = 0;
				GCC_PREPROCESSOR_DEFINITIONS = (
					"DEBUG=1",
					"$(inherited)",
				);
				GCC_WARN_64_TO_32_BIT_CONVERSION = YES;
				GCC_WARN_ABOUT_RETURN_TYPE = YES_ERROR;
				GCC_WARN_UNDECLARED_SELECTOR = YES;
				GCC_WARN_UNINITIALIZED_AUTOS = YES_AGGRESSIVE;
				GCC_WARN_UNUSED_FUNCTION = YES;
				GCC_WARN_UNUSED_VARIABLE = YES;
				IPHONEOS_DEPLOYMENT_TARGET = 13.0;
				MTL_ENABLE_DEBUG_INFO = INCLUDE_SOURCE;
				MTL_FAST_MATH = YES;
				ONLY_ACTIVE_ARCH = YES;
				SDKROOT = iphoneos;
				SWIFT_ACTIVE_COMPILATION_CONDITIONS = DEBUG;
				SWIFT_OPTIMIZATION_LEVEL = "-Onone";
			};
			name = Debug;
		};
		683B52D42329AAA70053B213 /* Release */ = {
			isa = XCBuildConfiguration;
			buildSettings = {
				ALWAYS_SEARCH_USER_PATHS = NO;
				CLANG_ANALYZER_NONNULL = YES;
				CLANG_ANALYZER_NUMBER_OBJECT_CONVERSION = YES_AGGRESSIVE;
				CLANG_CXX_LANGUAGE_STANDARD = "gnu++14";
				CLANG_CXX_LIBRARY = "libc++";
				CLANG_ENABLE_MODULES = YES;
				CLANG_ENABLE_OBJC_ARC = YES;
				CLANG_ENABLE_OBJC_WEAK = YES;
				CLANG_WARN_BLOCK_CAPTURE_AUTORELEASING = YES;
				CLANG_WARN_BOOL_CONVERSION = YES;
				CLANG_WARN_COMMA = YES;
				CLANG_WARN_CONSTANT_CONVERSION = YES;
				CLANG_WARN_DEPRECATED_OBJC_IMPLEMENTATIONS = YES;
				CLANG_WARN_DIRECT_OBJC_ISA_USAGE = YES_ERROR;
				CLANG_WARN_DOCUMENTATION_COMMENTS = YES;
				CLANG_WARN_EMPTY_BODY = YES;
				CLANG_WARN_ENUM_CONVERSION = YES;
				CLANG_WARN_INFINITE_RECURSION = YES;
				CLANG_WARN_INT_CONVERSION = YES;
				CLANG_WARN_NON_LITERAL_NULL_CONVERSION = YES;
				CLANG_WARN_OBJC_IMPLICIT_RETAIN_SELF = YES;
				CLANG_WARN_OBJC_LITERAL_CONVERSION = YES;
				CLANG_WARN_OBJC_ROOT_CLASS = YES_ERROR;
				CLANG_WARN_RANGE_LOOP_ANALYSIS = YES;
				CLANG_WARN_STRICT_PROTOTYPES = YES;
				CLANG_WARN_SUSPICIOUS_MOVE = YES;
				CLANG_WARN_UNGUARDED_AVAILABILITY = YES_AGGRESSIVE;
				CLANG_WARN_UNREACHABLE_CODE = YES;
				CLANG_WARN__DUPLICATE_METHOD_MATCH = YES;
				COPY_PHASE_STRIP = NO;
				DEBUG_INFORMATION_FORMAT = "dwarf-with-dsym";
				ENABLE_NS_ASSERTIONS = NO;
				ENABLE_STRICT_OBJC_MSGSEND = YES;
				GCC_C_LANGUAGE_STANDARD = gnu11;
				GCC_NO_COMMON_BLOCKS = YES;
				GCC_WARN_64_TO_32_BIT_CONVERSION = YES;
				GCC_WARN_ABOUT_RETURN_TYPE = YES_ERROR;
				GCC_WARN_UNDECLARED_SELECTOR = YES;
				GCC_WARN_UNINITIALIZED_AUTOS = YES_AGGRESSIVE;
				GCC_WARN_UNUSED_FUNCTION = YES;
				GCC_WARN_UNUSED_VARIABLE = YES;
				IPHONEOS_DEPLOYMENT_TARGET = 13.0;
				MTL_ENABLE_DEBUG_INFO = NO;
				MTL_FAST_MATH = YES;
				SDKROOT = iphoneos;
				SWIFT_COMPILATION_MODE = wholemodule;
				SWIFT_OPTIMIZATION_LEVEL = "-O";
				VALIDATE_PRODUCT = YES;
			};
			name = Release;
		};
		683B52D62329AAA70053B213 /* Debug */ = {
			isa = XCBuildConfiguration;
			buildSettings = {
				ALWAYS_EMBED_SWIFT_STANDARD_LIBRARIES = YES;
				ASSETCATALOG_COMPILER_APPICON_NAME = AppIcon;
				CODE_SIGN_ENTITLEMENTS = "Eggy/Supporting Files/Eggy.entitlements";
				CODE_SIGN_STYLE = Automatic;
				CURRENT_PROJECT_VERSION = 352;
				DERIVE_MACCATALYST_PRODUCT_BUNDLE_IDENTIFIER = YES;
				DEVELOPMENT_ASSET_PATHS = "\"Eggy/Supporting Files/Preview Content\"";
				DEVELOPMENT_TEAM = F9PGNEMEHU;
				ENABLE_PREVIEWS = YES;
				INFOPLIST_FILE = "Eggy/Supporting Files/Info.plist";
				LD_RUNPATH_SEARCH_PATHS = (
					"$(inherited)",
					"@executable_path/Frameworks",
				);
				PRODUCT_BUNDLE_IDENTIFIER = ericlewis.Eggy;
				PRODUCT_NAME = "$(TARGET_NAME)";
				SUPPORTS_MACCATALYST = YES;
				SWIFT_VERSION = 5.0;
				TARGETED_DEVICE_FAMILY = "1,2";
			};
			name = Debug;
		};
		683B52D72329AAA70053B213 /* Release */ = {
			isa = XCBuildConfiguration;
			buildSettings = {
				ALWAYS_EMBED_SWIFT_STANDARD_LIBRARIES = YES;
				ASSETCATALOG_COMPILER_APPICON_NAME = AppIcon;
				CODE_SIGN_ENTITLEMENTS = "Eggy/Supporting Files/Eggy.entitlements";
				CODE_SIGN_STYLE = Automatic;
				CURRENT_PROJECT_VERSION = 352;
				DERIVE_MACCATALYST_PRODUCT_BUNDLE_IDENTIFIER = YES;
				DEVELOPMENT_ASSET_PATHS = "\"Eggy/Supporting Files/Preview Content\"";
				DEVELOPMENT_TEAM = F9PGNEMEHU;
				ENABLE_PREVIEWS = YES;
				INFOPLIST_FILE = "Eggy/Supporting Files/Info.plist";
				LD_RUNPATH_SEARCH_PATHS = (
					"$(inherited)",
					"@executable_path/Frameworks",
				);
				PRODUCT_BUNDLE_IDENTIFIER = ericlewis.Eggy;
				PRODUCT_NAME = "$(TARGET_NAME)";
				SUPPORTS_MACCATALYST = YES;
				SWIFT_VERSION = 5.0;
				TARGETED_DEVICE_FAMILY = "1,2";
			};
			name = Release;
		};
		68B1475923439B7D007D5EDF /* Debug */ = {
			isa = XCBuildConfiguration;
			buildSettings = {
				CODE_SIGN_ENTITLEMENTS = "Eggy Today/Eggy Today.entitlements";
				CODE_SIGN_STYLE = Automatic;
				DERIVE_MACCATALYST_PRODUCT_BUNDLE_IDENTIFIER = NO;
				DEVELOPMENT_TEAM = F9PGNEMEHU;
				INFOPLIST_FILE = "Eggy Today/Info.plist";
				IPHONEOS_DEPLOYMENT_TARGET = 13.1;
				LD_RUNPATH_SEARCH_PATHS = (
					"$(inherited)",
					"@executable_path/Frameworks",
					"@executable_path/../../Frameworks",
				);
				PRODUCT_BUNDLE_IDENTIFIER = "ericlewis.Eggy.Eggy-Today";
				PRODUCT_NAME = "Eggy Today";
				SKIP_INSTALL = YES;
				SUPPORTS_MACCATALYST = NO;
				SWIFT_VERSION = 5.0;
				TARGETED_DEVICE_FAMILY = "1,2";
			};
			name = Debug;
		};
		68B1475A23439B7D007D5EDF /* Release */ = {
			isa = XCBuildConfiguration;
			buildSettings = {
				CODE_SIGN_ENTITLEMENTS = "Eggy Today/Eggy Today.entitlements";
				CODE_SIGN_STYLE = Automatic;
				DERIVE_MACCATALYST_PRODUCT_BUNDLE_IDENTIFIER = NO;
				DEVELOPMENT_TEAM = F9PGNEMEHU;
				INFOPLIST_FILE = "Eggy Today/Info.plist";
				IPHONEOS_DEPLOYMENT_TARGET = 13.1;
				LD_RUNPATH_SEARCH_PATHS = (
					"$(inherited)",
					"@executable_path/Frameworks",
					"@executable_path/../../Frameworks",
				);
				PRODUCT_BUNDLE_IDENTIFIER = "ericlewis.Eggy.Eggy-Today";
				PRODUCT_NAME = "Eggy Today";
				SKIP_INSTALL = YES;
				SUPPORTS_MACCATALYST = NO;
				SWIFT_VERSION = 5.0;
				TARGETED_DEVICE_FAMILY = "1,2";
			};
			name = Release;
		};
		68B147922343AD89007D5EDF /* Debug */ = {
			isa = XCBuildConfiguration;
			buildSettings = {
				ALWAYS_EMBED_SWIFT_STANDARD_LIBRARIES = YES;
				ASSETCATALOG_COMPILER_APPICON_NAME = AppIcon;
				CODE_SIGN_STYLE = Automatic;
				DEVELOPMENT_TEAM = F9PGNEMEHU;
				IBSC_MODULE = Tiny_Eggy_Extension;
				INFOPLIST_FILE = "Tiny Eggy/Info.plist";
				PRODUCT_BUNDLE_IDENTIFIER = ericlewis.Eggy.watchkitapp;
				PRODUCT_NAME = "$(TARGET_NAME)";
				SDKROOT = watchos;
				SKIP_INSTALL = YES;
				SWIFT_VERSION = 5.0;
				TARGETED_DEVICE_FAMILY = 4;
				WATCHOS_DEPLOYMENT_TARGET = 6.0;
			};
			name = Debug;
		};
		68B147932343AD89007D5EDF /* Release */ = {
			isa = XCBuildConfiguration;
			buildSettings = {
				ALWAYS_EMBED_SWIFT_STANDARD_LIBRARIES = YES;
				ASSETCATALOG_COMPILER_APPICON_NAME = AppIcon;
				CODE_SIGN_STYLE = Automatic;
				DEVELOPMENT_TEAM = F9PGNEMEHU;
				IBSC_MODULE = Tiny_Eggy_Extension;
				INFOPLIST_FILE = "Tiny Eggy/Info.plist";
				PRODUCT_BUNDLE_IDENTIFIER = ericlewis.Eggy.watchkitapp;
				PRODUCT_NAME = "$(TARGET_NAME)";
				SDKROOT = watchos;
				SKIP_INSTALL = YES;
				SWIFT_VERSION = 5.0;
				TARGETED_DEVICE_FAMILY = 4;
				WATCHOS_DEPLOYMENT_TARGET = 6.0;
			};
			name = Release;
		};
		68B147952343AD89007D5EDF /* Debug */ = {
			isa = XCBuildConfiguration;
			buildSettings = {
				APPLICATION_EXTENSION_API_ONLY = YES;
				ASSETCATALOG_COMPILER_COMPLICATION_NAME = Complication;
				CODE_SIGN_STYLE = Automatic;
				DEVELOPMENT_ASSET_PATHS = "\"Tiny Eggy Extension/Preview Content\"";
				DEVELOPMENT_TEAM = F9PGNEMEHU;
				ENABLE_PREVIEWS = YES;
				INFOPLIST_FILE = "Tiny Eggy Extension/Info.plist";
				LD_RUNPATH_SEARCH_PATHS = (
					"$(inherited)",
					"@executable_path/Frameworks",
					"@executable_path/../../Frameworks",
				);
				PRODUCT_BUNDLE_IDENTIFIER = ericlewis.Eggy.watchkitapp.watchkitextension;
				PRODUCT_NAME = "${TARGET_NAME}";
				SDKROOT = watchos;
				SKIP_INSTALL = YES;
				SWIFT_VERSION = 5.0;
				TARGETED_DEVICE_FAMILY = 4;
				WATCHOS_DEPLOYMENT_TARGET = 6.0;
			};
			name = Debug;
		};
		68B147962343AD89007D5EDF /* Release */ = {
			isa = XCBuildConfiguration;
			buildSettings = {
				APPLICATION_EXTENSION_API_ONLY = YES;
				ASSETCATALOG_COMPILER_COMPLICATION_NAME = Complication;
				CODE_SIGN_STYLE = Automatic;
				DEVELOPMENT_ASSET_PATHS = "\"Tiny Eggy Extension/Preview Content\"";
				DEVELOPMENT_TEAM = F9PGNEMEHU;
				ENABLE_PREVIEWS = YES;
				INFOPLIST_FILE = "Tiny Eggy Extension/Info.plist";
				LD_RUNPATH_SEARCH_PATHS = (
					"$(inherited)",
					"@executable_path/Frameworks",
					"@executable_path/../../Frameworks",
				);
				PRODUCT_BUNDLE_IDENTIFIER = ericlewis.Eggy.watchkitapp.watchkitextension;
				PRODUCT_NAME = "${TARGET_NAME}";
				SDKROOT = watchos;
				SKIP_INSTALL = YES;
				SWIFT_VERSION = 5.0;
				TARGETED_DEVICE_FAMILY = 4;
				WATCHOS_DEPLOYMENT_TARGET = 6.0;
			};
			name = Release;
		};
/* End XCBuildConfiguration section */

/* Begin XCConfigurationList section */
		683B52BC2329AA9F0053B213 /* Build configuration list for PBXProject "Eggy" */ = {
			isa = XCConfigurationList;
			buildConfigurations = (
				683B52D32329AAA70053B213 /* Debug */,
				683B52D42329AAA70053B213 /* Release */,
			);
			defaultConfigurationIsVisible = 0;
			defaultConfigurationName = Release;
		};
		683B52D52329AAA70053B213 /* Build configuration list for PBXNativeTarget "Eggy" */ = {
			isa = XCConfigurationList;
			buildConfigurations = (
				683B52D62329AAA70053B213 /* Debug */,
				683B52D72329AAA70053B213 /* Release */,
			);
			defaultConfigurationIsVisible = 0;
			defaultConfigurationName = Release;
		};
		68B1475823439B7D007D5EDF /* Build configuration list for PBXNativeTarget "Eggy Today" */ = {
			isa = XCConfigurationList;
			buildConfigurations = (
				68B1475923439B7D007D5EDF /* Debug */,
				68B1475A23439B7D007D5EDF /* Release */,
			);
			defaultConfigurationIsVisible = 0;
			defaultConfigurationName = Release;
		};
		68B147972343AD89007D5EDF /* Build configuration list for PBXNativeTarget "Tiny Eggy Extension" */ = {
			isa = XCConfigurationList;
			buildConfigurations = (
				68B147952343AD89007D5EDF /* Debug */,
				68B147962343AD89007D5EDF /* Release */,
			);
			defaultConfigurationIsVisible = 0;
			defaultConfigurationName = Release;
		};
		68B147982343AD89007D5EDF /* Build configuration list for PBXNativeTarget "Tiny Eggy" */ = {
			isa = XCConfigurationList;
			buildConfigurations = (
				68B147922343AD89007D5EDF /* Debug */,
				68B147932343AD89007D5EDF /* Release */,
			);
			defaultConfigurationIsVisible = 0;
			defaultConfigurationName = Release;
		};
/* End XCConfigurationList section */

/* Begin XCRemoteSwiftPackageReference section */
		683B52ED2329F4790053B213 /* XCRemoteSwiftPackageReference "SFSafeSymbols" */ = {
			isa = XCRemoteSwiftPackageReference;
			repositoryURL = "https://github.com/piknotech/SFSafeSymbols";
			requirement = {
				kind = upToNextMajorVersion;
				minimumVersion = 0.4.0;
			};
		};
/* End XCRemoteSwiftPackageReference section */

/* Begin XCSwiftPackageProductDependency section */
		683B52EE2329F4790053B213 /* SFSafeSymbols */ = {
			isa = XCSwiftPackageProductDependency;
			package = 683B52ED2329F4790053B213 /* XCRemoteSwiftPackageReference "SFSafeSymbols" */;
			productName = SFSafeSymbols;
		};
/* End XCSwiftPackageProductDependency section */

/* Begin XCVersionGroup section */
		68106C212342B2B600DA61D9 /* Settings.xcdatamodeld */ = {
			isa = XCVersionGroup;
			children = (
				68106C222342B2B600DA61D9 /* Settings.xcdatamodel */,
			);
			currentVersion = 68106C222342B2B600DA61D9 /* Settings.xcdatamodel */;
			path = Settings.xcdatamodeld;
			sourceTree = "<group>";
			versionGroupType = wrapper.xcdatamodel;
		};
/* End XCVersionGroup section */
	};
	rootObject = 683B52B92329AA9F0053B213 /* Project object */;
}
