// !$*UTF8*$!
{
	archiveVersion = 1;
	classes = {
	};
	objectVersion = 50;
	objects = {

/* Begin PBXBuildFile section */
		683C526522D27B3E00CE63C4 /* LocalNotificationsProtocol.swift in Sources */ = {isa = PBXBuildFile; fileRef = 683C526422D27B3E00CE63C4 /* LocalNotificationsProtocol.swift */; };
		683C526722D27B6500CE63C4 /* TimerActionsProtocol.swift in Sources */ = {isa = PBXBuildFile; fileRef = 683C526622D27B6500CE63C4 /* TimerActionsProtocol.swift */; };
		683C526922D27CC600CE63C4 /* EggStateProtocol.swift in Sources */ = {isa = PBXBuildFile; fileRef = 683C526822D27CC600CE63C4 /* EggStateProtocol.swift */; };
		683C526B22D27CE500CE63C4 /* EggProtocol.swift in Sources */ = {isa = PBXBuildFile; fileRef = 683C526A22D27CE500CE63C4 /* EggProtocol.swift */; };
		683C526D22D2845C00CE63C4 /* Slider+Doneness.swift in Sources */ = {isa = PBXBuildFile; fileRef = 683C526C22D2845C00CE63C4 /* Slider+Doneness.swift */; };
		683C526F22D2860E00CE63C4 /* Slider+Size.swift in Sources */ = {isa = PBXBuildFile; fileRef = 683C526E22D2860E00CE63C4 /* Slider+Size.swift */; };
		683C527122D2864200CE63C4 /* Slider+Temperature.swift in Sources */ = {isa = PBXBuildFile; fileRef = 683C527022D2864200CE63C4 /* Slider+Temperature.swift */; };
		68673CE322D53C8F0015E3A6 /* TimerProtocol.swift in Sources */ = {isa = PBXBuildFile; fileRef = 68673CE222D53C8F0015E3A6 /* TimerProtocol.swift */; };
		68673CE422D53C8F0015E3A6 /* TimerProtocol.swift in Sources */ = {isa = PBXBuildFile; fileRef = 68673CE222D53C8F0015E3A6 /* TimerProtocol.swift */; };
		68673CE622D53FCE0015E3A6 /* SliderProtocol.swift in Sources */ = {isa = PBXBuildFile; fileRef = 68673CE522D53FCE0015E3A6 /* SliderProtocol.swift */; };
		68673CE722D53FCE0015E3A6 /* SliderProtocol.swift in Sources */ = {isa = PBXBuildFile; fileRef = 68673CE522D53FCE0015E3A6 /* SliderProtocol.swift */; };
		68673CE922D542080015E3A6 /* UIKit+Slider.swift in Sources */ = {isa = PBXBuildFile; fileRef = 68673CE822D542080015E3A6 /* UIKit+Slider.swift */; };
		68673CEA22D542080015E3A6 /* UIKit+Slider.swift in Sources */ = {isa = PBXBuildFile; fileRef = 68673CE822D542080015E3A6 /* UIKit+Slider.swift */; };
		6873BC8D22D1AA120005BCCC /* Tiny Eggy App.app in Embed Watch Content */ = {isa = PBXBuildFile; fileRef = 6873BC8C22D1AA110005BCCC /* Tiny Eggy App.app */; settings = {ATTRIBUTES = (RemoveHeadersOnCopy, ); }; };
		6873BC9322D1AA120005BCCC /* Interface.storyboard in Resources */ = {isa = PBXBuildFile; fileRef = 6873BC9122D1AA120005BCCC /* Interface.storyboard */; };
		6873BC9522D1AA160005BCCC /* Assets.xcassets in Resources */ = {isa = PBXBuildFile; fileRef = 6873BC9422D1AA160005BCCC /* Assets.xcassets */; };
		6873BC9C22D1AA170005BCCC /* Tiny Eggy Extension.appex in Embed App Extensions */ = {isa = PBXBuildFile; fileRef = 6873BC9B22D1AA160005BCCC /* Tiny Eggy Extension.appex */; settings = {ATTRIBUTES = (RemoveHeadersOnCopy, ); }; };
		6873BCA122D1AA170005BCCC /* ContentView.swift in Sources */ = {isa = PBXBuildFile; fileRef = 6873BCA022D1AA170005BCCC /* ContentView.swift */; };
		6873BCA322D1AA170005BCCC /* HostingController.swift in Sources */ = {isa = PBXBuildFile; fileRef = 6873BCA222D1AA170005BCCC /* HostingController.swift */; };
		6873BCA522D1AA170005BCCC /* ExtensionDelegate.swift in Sources */ = {isa = PBXBuildFile; fileRef = 6873BCA422D1AA170005BCCC /* ExtensionDelegate.swift */; };
		6873BCA722D1AA190005BCCC /* Assets.xcassets in Resources */ = {isa = PBXBuildFile; fileRef = 6873BCA622D1AA190005BCCC /* Assets.xcassets */; };
		6873BCAA22D1AA190005BCCC /* Preview Assets.xcassets in Resources */ = {isa = PBXBuildFile; fileRef = 6873BCA922D1AA190005BCCC /* Preview Assets.xcassets */; };
		6873BCB722D1AA330005BCCC /* EggView.swift in Sources */ = {isa = PBXBuildFile; fileRef = 68979C3F22D1004F00FCC4EB /* EggView.swift */; };
		6873BCB922D1AB680005BCCC /* Cloud.swift in Sources */ = {isa = PBXBuildFile; fileRef = 68979C4722D1136400FCC4EB /* Cloud.swift */; };
		6873BCBA22D1AB730005BCCC /* Double+Helpers.swift in Sources */ = {isa = PBXBuildFile; fileRef = 68979C4522D107C800FCC4EB /* Double+Helpers.swift */; };
		6873BCBB22D1AB7D0005BCCC /* TimeInterval+Helpers.swift in Sources */ = {isa = PBXBuildFile; fileRef = 68979C4122D1007500FCC4EB /* TimeInterval+Helpers.swift */; };
		6873BCC122D1AEC80005BCCC /* CakeView.swift in Sources */ = {isa = PBXBuildFile; fileRef = 6873BCC022D1AEC80005BCCC /* CakeView.swift */; };
		6873BCC222D1AEC80005BCCC /* CakeView.swift in Sources */ = {isa = PBXBuildFile; fileRef = 6873BCC022D1AEC80005BCCC /* CakeView.swift */; };
		6873BCE922D1C7F70005BCCC /* BoilingPointManager.swift in Sources */ = {isa = PBXBuildFile; fileRef = 6873BCE822D1C7F70005BCCC /* BoilingPointManager.swift */; };
		6873BCEA22D1C7F70005BCCC /* BoilingPointManager.swift in Sources */ = {isa = PBXBuildFile; fileRef = 6873BCE822D1C7F70005BCCC /* BoilingPointManager.swift */; };
		6873BCED22D1CD3E0005BCCC /* SettingsView.swift in Sources */ = {isa = PBXBuildFile; fileRef = 6873BCEC22D1CD3E0005BCCC /* SettingsView.swift */; };
		6873BCF022D2344E0005BCCC /* SettingsManager.swift in Sources */ = {isa = PBXBuildFile; fileRef = 6873BCEF22D2344E0005BCCC /* SettingsManager.swift */; };
		6873BCF122D2344E0005BCCC /* SettingsManager.swift in Sources */ = {isa = PBXBuildFile; fileRef = 6873BCEF22D2344E0005BCCC /* SettingsManager.swift */; };
		6887B0D322D28A69002BAB31 /* Defaults.swift in Sources */ = {isa = PBXBuildFile; fileRef = 68C57F3B22D26AB300A7E964 /* Defaults.swift */; };
		6887B0D422D28A69002BAB31 /* Enums.swift in Sources */ = {isa = PBXBuildFile; fileRef = 68C57F3D22D270A500A7E964 /* Enums.swift */; };
		6887B0D522D28A69002BAB31 /* AnyTransition+Transitions.swift in Sources */ = {isa = PBXBuildFile; fileRef = 68C57F3422D2669500A7E964 /* AnyTransition+Transitions.swift */; };
		6887B0D622D28A69002BAB31 /* BindableObject+Easy.swift in Sources */ = {isa = PBXBuildFile; fileRef = 68C57F2822D25C6600A7E964 /* BindableObject+Easy.swift */; };
		6887B0D722D28A69002BAB31 /* EggManager.swift in Sources */ = {isa = PBXBuildFile; fileRef = 68979C4322D101E600FCC4EB /* EggManager.swift */; };
		6887B0D822D28A69002BAB31 /* FeedbackManager.swift in Sources */ = {isa = PBXBuildFile; fileRef = 68C57F1E22D2502600A7E964 /* FeedbackManager.swift */; };
		6887B0D922D28A69002BAB31 /* CookTimeProtocol.swift in Sources */ = {isa = PBXBuildFile; fileRef = 68C57F1C22D24ABF00A7E964 /* CookTimeProtocol.swift */; };
		6887B0DA22D28A69002BAB31 /* EggProtocol.swift in Sources */ = {isa = PBXBuildFile; fileRef = 683C526A22D27CE500CE63C4 /* EggProtocol.swift */; };
		6887B0DB22D28A69002BAB31 /* EggStateProtocol.swift in Sources */ = {isa = PBXBuildFile; fileRef = 683C526822D27CC600CE63C4 /* EggStateProtocol.swift */; };
		6887B0DC22D28A69002BAB31 /* FormattersProtocol.swift in Sources */ = {isa = PBXBuildFile; fileRef = 68C57F2422D2593A00A7E964 /* FormattersProtocol.swift */; };
		6887B0DD22D28A69002BAB31 /* LocalNotificationsProtocol.swift in Sources */ = {isa = PBXBuildFile; fileRef = 683C526422D27B3E00CE63C4 /* LocalNotificationsProtocol.swift */; };
		6887B0DE22D28A69002BAB31 /* TimerActionsProtocol.swift in Sources */ = {isa = PBXBuildFile; fileRef = 683C526622D27B6500CE63C4 /* TimerActionsProtocol.swift */; };
		6887B0DF22D28A69002BAB31 /* ViewModelProtocol.swift in Sources */ = {isa = PBXBuildFile; fileRef = 68C57F2022D254DD00A7E964 /* ViewModelProtocol.swift */; };
		6887B0E022D28CBE002BAB31 /* Slider+Doneness.swift in Sources */ = {isa = PBXBuildFile; fileRef = 683C526C22D2845C00CE63C4 /* Slider+Doneness.swift */; };
		6887B0E122D28CBE002BAB31 /* Slider+Size.swift in Sources */ = {isa = PBXBuildFile; fileRef = 683C526E22D2860E00CE63C4 /* Slider+Size.swift */; };
		6887B0E222D28CBE002BAB31 /* Slider+Temperature.swift in Sources */ = {isa = PBXBuildFile; fileRef = 683C527022D2864200CE63C4 /* Slider+Temperature.swift */; };
		6887B0E322D28D27002BAB31 /* EggStack.swift in Sources */ = {isa = PBXBuildFile; fileRef = 68C57F3822D26A7B00A7E964 /* EggStack.swift */; };
		6887B0E422D28E6B002BAB31 /* Alerts.swift in Sources */ = {isa = PBXBuildFile; fileRef = 68C57F3622D2693E00A7E964 /* Alerts.swift */; };
		6887B0E722D29263002BAB31 /* NewTimerButton.swift in Sources */ = {isa = PBXBuildFile; fileRef = 6887B0E622D29263002BAB31 /* NewTimerButton.swift */; };
		6887B0E922D29375002BAB31 /* EditingView.swift in Sources */ = {isa = PBXBuildFile; fileRef = 6887B0E822D29375002BAB31 /* EditingView.swift */; };
		6887B0EB22D297D5002BAB31 /* ActionSheets.swift in Sources */ = {isa = PBXBuildFile; fileRef = 6887B0EA22D297D5002BAB31 /* ActionSheets.swift */; };
		6887B0EC22D297D5002BAB31 /* ActionSheets.swift in Sources */ = {isa = PBXBuildFile; fileRef = 6887B0EA22D297D5002BAB31 /* ActionSheets.swift */; };
		6887B0EE22D29CAE002BAB31 /* RootView.swift in Sources */ = {isa = PBXBuildFile; fileRef = 6887B0ED22D29CAE002BAB31 /* RootView.swift */; };
		6887B10922D3A3F8002BAB31 /* Icon-60@2x.png in Resources */ = {isa = PBXBuildFile; fileRef = 6887B10722D3A3F8002BAB31 /* Icon-60@2x.png */; };
		6887B10A22D3A3F8002BAB31 /* Icon-60@3x.png in Resources */ = {isa = PBXBuildFile; fileRef = 6887B10822D3A3F8002BAB31 /* Icon-60@3x.png */; };
		6887B10D22D3A411002BAB31 /* Icon-60-Dark@2x.png in Resources */ = {isa = PBXBuildFile; fileRef = 6887B10B22D3A411002BAB31 /* Icon-60-Dark@2x.png */; };
		6887B10E22D3A411002BAB31 /* Icon-60-Dark@3x.png in Resources */ = {isa = PBXBuildFile; fileRef = 6887B10C22D3A411002BAB31 /* Icon-60-Dark@3x.png */; };
		68979C4022D1004F00FCC4EB /* EggView.swift in Sources */ = {isa = PBXBuildFile; fileRef = 68979C3F22D1004F00FCC4EB /* EggView.swift */; };
		68979C4222D1007500FCC4EB /* TimeInterval+Helpers.swift in Sources */ = {isa = PBXBuildFile; fileRef = 68979C4122D1007500FCC4EB /* TimeInterval+Helpers.swift */; };
		68979C4422D101E600FCC4EB /* EggManager.swift in Sources */ = {isa = PBXBuildFile; fileRef = 68979C4322D101E600FCC4EB /* EggManager.swift */; };
		68979C4622D107C800FCC4EB /* Double+Helpers.swift in Sources */ = {isa = PBXBuildFile; fileRef = 68979C4522D107C800FCC4EB /* Double+Helpers.swift */; };
		68979C4822D1136400FCC4EB /* Cloud.swift in Sources */ = {isa = PBXBuildFile; fileRef = 68979C4722D1136400FCC4EB /* Cloud.swift */; };
		689B1E0622D30A6400A768C2 /* SettingsProtocol.swift in Sources */ = {isa = PBXBuildFile; fileRef = 689B1E0522D30A6400A768C2 /* SettingsProtocol.swift */; };
		689B1E0722D30A6400A768C2 /* SettingsProtocol.swift in Sources */ = {isa = PBXBuildFile; fileRef = 689B1E0522D30A6400A768C2 /* SettingsProtocol.swift */; };
		68C57F1D22D24ABF00A7E964 /* CookTimeProtocol.swift in Sources */ = {isa = PBXBuildFile; fileRef = 68C57F1C22D24ABF00A7E964 /* CookTimeProtocol.swift */; };
		68C57F1F22D2502600A7E964 /* FeedbackManager.swift in Sources */ = {isa = PBXBuildFile; fileRef = 68C57F1E22D2502600A7E964 /* FeedbackManager.swift */; };
		68C57F2122D254DD00A7E964 /* ViewModelProtocol.swift in Sources */ = {isa = PBXBuildFile; fileRef = 68C57F2022D254DD00A7E964 /* ViewModelProtocol.swift */; };
		68C57F2522D2593A00A7E964 /* FormattersProtocol.swift in Sources */ = {isa = PBXBuildFile; fileRef = 68C57F2422D2593A00A7E964 /* FormattersProtocol.swift */; };
		68C57F2922D25C6600A7E964 /* BindableObject+Easy.swift in Sources */ = {isa = PBXBuildFile; fileRef = 68C57F2822D25C6600A7E964 /* BindableObject+Easy.swift */; };
		68C57F2B22D2642A00A7E964 /* OptionSliders.swift in Sources */ = {isa = PBXBuildFile; fileRef = 68C57F2A22D2642A00A7E964 /* OptionSliders.swift */; };
		68C57F2D22D2649B00A7E964 /* NavigationBar+Buttons.swift in Sources */ = {isa = PBXBuildFile; fileRef = 68C57F2C22D2649B00A7E964 /* NavigationBar+Buttons.swift */; };
		68C57F2F22D264E300A7E964 /* SliderContainer.swift in Sources */ = {isa = PBXBuildFile; fileRef = 68C57F2E22D264E300A7E964 /* SliderContainer.swift */; };
		68C57F3122D2651300A7E964 /* ProjectedEndLabel.swift in Sources */ = {isa = PBXBuildFile; fileRef = 68C57F3022D2651300A7E964 /* ProjectedEndLabel.swift */; };
		68C57F3322D2664400A7E964 /* ContentView.swift in Sources */ = {isa = PBXBuildFile; fileRef = 68C57F3222D2664400A7E964 /* ContentView.swift */; };
		68C57F3522D2669500A7E964 /* AnyTransition+Transitions.swift in Sources */ = {isa = PBXBuildFile; fileRef = 68C57F3422D2669500A7E964 /* AnyTransition+Transitions.swift */; };
		68C57F3722D2693E00A7E964 /* Alerts.swift in Sources */ = {isa = PBXBuildFile; fileRef = 68C57F3622D2693E00A7E964 /* Alerts.swift */; };
		68C57F3922D26A7B00A7E964 /* EggStack.swift in Sources */ = {isa = PBXBuildFile; fileRef = 68C57F3822D26A7B00A7E964 /* EggStack.swift */; };
		68C57F3C22D26AB300A7E964 /* Defaults.swift in Sources */ = {isa = PBXBuildFile; fileRef = 68C57F3B22D26AB300A7E964 /* Defaults.swift */; };
		68C57F3E22D270A500A7E964 /* Enums.swift in Sources */ = {isa = PBXBuildFile; fileRef = 68C57F3D22D270A500A7E964 /* Enums.swift */; };
		68D2042C22D04A530080B937 /* AppDelegate.swift in Sources */ = {isa = PBXBuildFile; fileRef = 68D2042B22D04A530080B937 /* AppDelegate.swift */; };
		68D2042E22D04A530080B937 /* SceneDelegate.swift in Sources */ = {isa = PBXBuildFile; fileRef = 68D2042D22D04A530080B937 /* SceneDelegate.swift */; };
		68D2043022D04A530080B937 /* RootView.swift in Sources */ = {isa = PBXBuildFile; fileRef = 68D2042F22D04A530080B937 /* RootView.swift */; };
		68D2043222D04A580080B937 /* Assets.xcassets in Resources */ = {isa = PBXBuildFile; fileRef = 68D2043122D04A580080B937 /* Assets.xcassets */; };
		68D2043522D04A580080B937 /* Preview Assets.xcassets in Resources */ = {isa = PBXBuildFile; fileRef = 68D2043422D04A580080B937 /* Preview Assets.xcassets */; };
		68D2043822D04A580080B937 /* LaunchScreen.storyboard in Resources */ = {isa = PBXBuildFile; fileRef = 68D2043622D04A580080B937 /* LaunchScreen.storyboard */; };
/* End PBXBuildFile section */

/* Begin PBXContainerItemProxy section */
		6873BC8E22D1AA120005BCCC /* PBXContainerItemProxy */ = {
			isa = PBXContainerItemProxy;
			containerPortal = 68D2042022D04A530080B937 /* Project object */;
			proxyType = 1;
			remoteGlobalIDString = 6873BC8B22D1AA110005BCCC;
			remoteInfo = "Tiny Eggy WatchKit App";
		};
		6873BC9D22D1AA170005BCCC /* PBXContainerItemProxy */ = {
			isa = PBXContainerItemProxy;
			containerPortal = 68D2042022D04A530080B937 /* Project object */;
			proxyType = 1;
			remoteGlobalIDString = 6873BC9A22D1AA160005BCCC;
			remoteInfo = "Tiny Eggy WatchKit Extension";
		};
/* End PBXContainerItemProxy section */

/* Begin PBXCopyFilesBuildPhase section */
		6873BC4F22D1A13E0005BCCC /* Embed App Extensions */ = {
			isa = PBXCopyFilesBuildPhase;
			buildActionMask = 2147483647;
			dstPath = "";
			dstSubfolderSpec = 13;
			files = (
			);
			name = "Embed App Extensions";
			runOnlyForDeploymentPostprocessing = 0;
		};
		6873BC8522D1A8E90005BCCC /* Embed Watch Content */ = {
			isa = PBXCopyFilesBuildPhase;
			buildActionMask = 2147483647;
			dstPath = "$(CONTENTS_FOLDER_PATH)/Watch";
			dstSubfolderSpec = 16;
			files = (
			);
			name = "Embed Watch Content";
			runOnlyForDeploymentPostprocessing = 0;
		};
		6873BCAF22D1AA190005BCCC /* Embed App Extensions */ = {
			isa = PBXCopyFilesBuildPhase;
			buildActionMask = 2147483647;
			dstPath = "";
			dstSubfolderSpec = 13;
			files = (
				6873BC9C22D1AA170005BCCC /* Tiny Eggy Extension.appex in Embed App Extensions */,
			);
			name = "Embed App Extensions";
			runOnlyForDeploymentPostprocessing = 0;
		};
		6873BCB322D1AA190005BCCC /* Embed Watch Content */ = {
			isa = PBXCopyFilesBuildPhase;
			buildActionMask = 2147483647;
			dstPath = "$(CONTENTS_FOLDER_PATH)/Watch";
			dstSubfolderSpec = 16;
			files = (
				6873BC8D22D1AA120005BCCC /* Tiny Eggy App.app in Embed Watch Content */,
			);
			name = "Embed Watch Content";
			runOnlyForDeploymentPostprocessing = 0;
		};
/* End PBXCopyFilesBuildPhase section */

/* Begin PBXFileReference section */
		683C526422D27B3E00CE63C4 /* LocalNotificationsProtocol.swift */ = {isa = PBXFileReference; lastKnownFileType = sourcecode.swift; path = LocalNotificationsProtocol.swift; sourceTree = "<group>"; };
		683C526622D27B6500CE63C4 /* TimerActionsProtocol.swift */ = {isa = PBXFileReference; lastKnownFileType = sourcecode.swift; path = TimerActionsProtocol.swift; sourceTree = "<group>"; };
		683C526822D27CC600CE63C4 /* EggStateProtocol.swift */ = {isa = PBXFileReference; lastKnownFileType = sourcecode.swift; path = EggStateProtocol.swift; sourceTree = "<group>"; };
		683C526A22D27CE500CE63C4 /* EggProtocol.swift */ = {isa = PBXFileReference; lastKnownFileType = sourcecode.swift; path = EggProtocol.swift; sourceTree = "<group>"; };
		683C526C22D2845C00CE63C4 /* Slider+Doneness.swift */ = {isa = PBXFileReference; lastKnownFileType = sourcecode.swift; path = "Slider+Doneness.swift"; sourceTree = "<group>"; };
		683C526E22D2860E00CE63C4 /* Slider+Size.swift */ = {isa = PBXFileReference; lastKnownFileType = sourcecode.swift; path = "Slider+Size.swift"; sourceTree = "<group>"; };
		683C527022D2864200CE63C4 /* Slider+Temperature.swift */ = {isa = PBXFileReference; lastKnownFileType = sourcecode.swift; path = "Slider+Temperature.swift"; sourceTree = "<group>"; };
		68673CE222D53C8F0015E3A6 /* TimerProtocol.swift */ = {isa = PBXFileReference; lastKnownFileType = sourcecode.swift; path = TimerProtocol.swift; sourceTree = "<group>"; };
		68673CE522D53FCE0015E3A6 /* SliderProtocol.swift */ = {isa = PBXFileReference; lastKnownFileType = sourcecode.swift; path = SliderProtocol.swift; sourceTree = "<group>"; };
		68673CE822D542080015E3A6 /* UIKit+Slider.swift */ = {isa = PBXFileReference; lastKnownFileType = sourcecode.swift; path = "UIKit+Slider.swift"; sourceTree = "<group>"; };
		6873BC4322D1A13E0005BCCC /* NotificationCenter.framework */ = {isa = PBXFileReference; lastKnownFileType = wrapper.framework; name = NotificationCenter.framework; path = System/Library/Frameworks/NotificationCenter.framework; sourceTree = SDKROOT; };
		6873BC5A22D1A6460005BCCC /* Eggy.entitlements */ = {isa = PBXFileReference; lastKnownFileType = text.plist.entitlements; path = Eggy.entitlements; sourceTree = "<group>"; };
		6873BC8922D1AA110005BCCC /* Tiny Eggy.app */ = {isa = PBXFileReference; explicitFileType = wrapper.application; includeInIndex = 0; path = "Tiny Eggy.app"; sourceTree = BUILT_PRODUCTS_DIR; };
		6873BC8C22D1AA110005BCCC /* Tiny Eggy App.app */ = {isa = PBXFileReference; explicitFileType = wrapper.application; includeInIndex = 0; path = "Tiny Eggy App.app"; sourceTree = BUILT_PRODUCTS_DIR; };
		6873BC9222D1AA120005BCCC /* Base */ = {isa = PBXFileReference; lastKnownFileType = file.storyboard; name = Base; path = Base.lproj/Interface.storyboard; sourceTree = "<group>"; };
		6873BC9422D1AA160005BCCC /* Assets.xcassets */ = {isa = PBXFileReference; lastKnownFileType = folder.assetcatalog; path = Assets.xcassets; sourceTree = "<group>"; };
		6873BC9622D1AA160005BCCC /* Info.plist */ = {isa = PBXFileReference; lastKnownFileType = text.plist.xml; path = Info.plist; sourceTree = "<group>"; };
		6873BC9B22D1AA160005BCCC /* Tiny Eggy Extension.appex */ = {isa = PBXFileReference; explicitFileType = "wrapper.app-extension"; includeInIndex = 0; path = "Tiny Eggy Extension.appex"; sourceTree = BUILT_PRODUCTS_DIR; };
		6873BCA022D1AA170005BCCC /* ContentView.swift */ = {isa = PBXFileReference; lastKnownFileType = sourcecode.swift; path = ContentView.swift; sourceTree = "<group>"; };
		6873BCA222D1AA170005BCCC /* HostingController.swift */ = {isa = PBXFileReference; lastKnownFileType = sourcecode.swift; path = HostingController.swift; sourceTree = "<group>"; };
		6873BCA422D1AA170005BCCC /* ExtensionDelegate.swift */ = {isa = PBXFileReference; lastKnownFileType = sourcecode.swift; path = ExtensionDelegate.swift; sourceTree = "<group>"; };
		6873BCA622D1AA190005BCCC /* Assets.xcassets */ = {isa = PBXFileReference; lastKnownFileType = folder.assetcatalog; path = Assets.xcassets; sourceTree = "<group>"; };
		6873BCA922D1AA190005BCCC /* Preview Assets.xcassets */ = {isa = PBXFileReference; lastKnownFileType = folder.assetcatalog; path = "Preview Assets.xcassets"; sourceTree = "<group>"; };
		6873BCAB22D1AA190005BCCC /* Info.plist */ = {isa = PBXFileReference; lastKnownFileType = text.plist.xml; path = Info.plist; sourceTree = "<group>"; };
		6873BCBC22D1ABB40005BCCC /* UserNotifications.framework */ = {isa = PBXFileReference; lastKnownFileType = wrapper.framework; name = UserNotifications.framework; path = Platforms/WatchOS.platform/Developer/SDKs/WatchOS6.0.sdk/System/Library/Frameworks/UserNotifications.framework; sourceTree = DEVELOPER_DIR; };
		6873BCC022D1AEC80005BCCC /* CakeView.swift */ = {isa = PBXFileReference; lastKnownFileType = sourcecode.swift; path = CakeView.swift; sourceTree = "<group>"; };
		6873BCE822D1C7F70005BCCC /* BoilingPointManager.swift */ = {isa = PBXFileReference; lastKnownFileType = sourcecode.swift; path = BoilingPointManager.swift; sourceTree = "<group>"; };
		6873BCEC22D1CD3E0005BCCC /* SettingsView.swift */ = {isa = PBXFileReference; lastKnownFileType = sourcecode.swift; path = SettingsView.swift; sourceTree = "<group>"; };
		6873BCEF22D2344E0005BCCC /* SettingsManager.swift */ = {isa = PBXFileReference; lastKnownFileType = sourcecode.swift; path = SettingsManager.swift; sourceTree = "<group>"; };
		6887B0E622D29263002BAB31 /* NewTimerButton.swift */ = {isa = PBXFileReference; lastKnownFileType = sourcecode.swift; path = NewTimerButton.swift; sourceTree = "<group>"; };
		6887B0E822D29375002BAB31 /* EditingView.swift */ = {isa = PBXFileReference; lastKnownFileType = sourcecode.swift; path = EditingView.swift; sourceTree = "<group>"; };
		6887B0EA22D297D5002BAB31 /* ActionSheets.swift */ = {isa = PBXFileReference; lastKnownFileType = sourcecode.swift; path = ActionSheets.swift; sourceTree = "<group>"; };
		6887B0ED22D29CAE002BAB31 /* RootView.swift */ = {isa = PBXFileReference; lastKnownFileType = sourcecode.swift; path = RootView.swift; sourceTree = "<group>"; };
		6887B10722D3A3F8002BAB31 /* Icon-60@2x.png */ = {isa = PBXFileReference; lastKnownFileType = image.png; path = "Icon-60@2x.png"; sourceTree = "<group>"; };
		6887B10822D3A3F8002BAB31 /* Icon-60@3x.png */ = {isa = PBXFileReference; lastKnownFileType = image.png; path = "Icon-60@3x.png"; sourceTree = "<group>"; };
		6887B10B22D3A411002BAB31 /* Icon-60-Dark@2x.png */ = {isa = PBXFileReference; lastKnownFileType = image.png; path = "Icon-60-Dark@2x.png"; sourceTree = "<group>"; };
		6887B10C22D3A411002BAB31 /* Icon-60-Dark@3x.png */ = {isa = PBXFileReference; lastKnownFileType = image.png; path = "Icon-60-Dark@3x.png"; sourceTree = "<group>"; };
		68979C3F22D1004F00FCC4EB /* EggView.swift */ = {isa = PBXFileReference; lastKnownFileType = sourcecode.swift; path = EggView.swift; sourceTree = "<group>"; };
		68979C4122D1007500FCC4EB /* TimeInterval+Helpers.swift */ = {isa = PBXFileReference; lastKnownFileType = sourcecode.swift; path = "TimeInterval+Helpers.swift"; sourceTree = "<group>"; };
		68979C4322D101E600FCC4EB /* EggManager.swift */ = {isa = PBXFileReference; lastKnownFileType = sourcecode.swift; path = EggManager.swift; sourceTree = "<group>"; };
		68979C4522D107C800FCC4EB /* Double+Helpers.swift */ = {isa = PBXFileReference; lastKnownFileType = sourcecode.swift; path = "Double+Helpers.swift"; sourceTree = "<group>"; };
		68979C4722D1136400FCC4EB /* Cloud.swift */ = {isa = PBXFileReference; lastKnownFileType = sourcecode.swift; path = Cloud.swift; sourceTree = "<group>"; };
		689B1E0522D30A6400A768C2 /* SettingsProtocol.swift */ = {isa = PBXFileReference; lastKnownFileType = sourcecode.swift; path = SettingsProtocol.swift; sourceTree = "<group>"; };
		68C57F1C22D24ABF00A7E964 /* CookTimeProtocol.swift */ = {isa = PBXFileReference; lastKnownFileType = sourcecode.swift; path = CookTimeProtocol.swift; sourceTree = "<group>"; };
		68C57F1E22D2502600A7E964 /* FeedbackManager.swift */ = {isa = PBXFileReference; lastKnownFileType = sourcecode.swift; path = FeedbackManager.swift; sourceTree = "<group>"; };
		68C57F2022D254DD00A7E964 /* ViewModelProtocol.swift */ = {isa = PBXFileReference; lastKnownFileType = sourcecode.swift; path = ViewModelProtocol.swift; sourceTree = "<group>"; };
		68C57F2422D2593A00A7E964 /* FormattersProtocol.swift */ = {isa = PBXFileReference; lastKnownFileType = sourcecode.swift; path = FormattersProtocol.swift; sourceTree = "<group>"; };
		68C57F2822D25C6600A7E964 /* BindableObject+Easy.swift */ = {isa = PBXFileReference; lastKnownFileType = sourcecode.swift; path = "BindableObject+Easy.swift"; sourceTree = "<group>"; };
		68C57F2A22D2642A00A7E964 /* OptionSliders.swift */ = {isa = PBXFileReference; lastKnownFileType = sourcecode.swift; path = OptionSliders.swift; sourceTree = "<group>"; };
		68C57F2C22D2649B00A7E964 /* NavigationBar+Buttons.swift */ = {isa = PBXFileReference; lastKnownFileType = sourcecode.swift; path = "NavigationBar+Buttons.swift"; sourceTree = "<group>"; };
		68C57F2E22D264E300A7E964 /* SliderContainer.swift */ = {isa = PBXFileReference; lastKnownFileType = sourcecode.swift; path = SliderContainer.swift; sourceTree = "<group>"; };
		68C57F3022D2651300A7E964 /* ProjectedEndLabel.swift */ = {isa = PBXFileReference; lastKnownFileType = sourcecode.swift; path = ProjectedEndLabel.swift; sourceTree = "<group>"; };
		68C57F3222D2664400A7E964 /* ContentView.swift */ = {isa = PBXFileReference; lastKnownFileType = sourcecode.swift; path = ContentView.swift; sourceTree = "<group>"; };
		68C57F3422D2669500A7E964 /* AnyTransition+Transitions.swift */ = {isa = PBXFileReference; lastKnownFileType = sourcecode.swift; path = "AnyTransition+Transitions.swift"; sourceTree = "<group>"; };
		68C57F3622D2693E00A7E964 /* Alerts.swift */ = {isa = PBXFileReference; lastKnownFileType = sourcecode.swift; path = Alerts.swift; sourceTree = "<group>"; };
		68C57F3822D26A7B00A7E964 /* EggStack.swift */ = {isa = PBXFileReference; lastKnownFileType = sourcecode.swift; path = EggStack.swift; sourceTree = "<group>"; };
		68C57F3B22D26AB300A7E964 /* Defaults.swift */ = {isa = PBXFileReference; lastKnownFileType = sourcecode.swift; path = Defaults.swift; sourceTree = "<group>"; };
		68C57F3D22D270A500A7E964 /* Enums.swift */ = {isa = PBXFileReference; lastKnownFileType = sourcecode.swift; path = Enums.swift; sourceTree = "<group>"; };
		68D2042822D04A530080B937 /* Eggy.app */ = {isa = PBXFileReference; explicitFileType = wrapper.application; includeInIndex = 0; path = Eggy.app; sourceTree = BUILT_PRODUCTS_DIR; };
		68D2042B22D04A530080B937 /* AppDelegate.swift */ = {isa = PBXFileReference; lastKnownFileType = sourcecode.swift; path = AppDelegate.swift; sourceTree = "<group>"; };
		68D2042D22D04A530080B937 /* SceneDelegate.swift */ = {isa = PBXFileReference; lastKnownFileType = sourcecode.swift; path = SceneDelegate.swift; sourceTree = "<group>"; };
		68D2042F22D04A530080B937 /* RootView.swift */ = {isa = PBXFileReference; lastKnownFileType = sourcecode.swift; path = RootView.swift; sourceTree = "<group>"; };
		68D2043122D04A580080B937 /* Assets.xcassets */ = {isa = PBXFileReference; lastKnownFileType = folder.assetcatalog; path = Assets.xcassets; sourceTree = "<group>"; };
		68D2043422D04A580080B937 /* Preview Assets.xcassets */ = {isa = PBXFileReference; lastKnownFileType = folder.assetcatalog; path = "Preview Assets.xcassets"; sourceTree = "<group>"; };
		68D2043722D04A580080B937 /* Base */ = {isa = PBXFileReference; lastKnownFileType = file.storyboard; name = Base; path = Base.lproj/LaunchScreen.storyboard; sourceTree = "<group>"; };
		68D2043922D04A580080B937 /* Info.plist */ = {isa = PBXFileReference; lastKnownFileType = text.plist.xml; path = Info.plist; sourceTree = "<group>"; };
/* End PBXFileReference section */

/* Begin PBXFrameworksBuildPhase section */
		6873BC9822D1AA160005BCCC /* Frameworks */ = {
			isa = PBXFrameworksBuildPhase;
			buildActionMask = 2147483647;
			files = (
			);
			runOnlyForDeploymentPostprocessing = 0;
		};
		68D2042522D04A530080B937 /* Frameworks */ = {
			isa = PBXFrameworksBuildPhase;
			buildActionMask = 2147483647;
			files = (
			);
			runOnlyForDeploymentPostprocessing = 0;
		};
/* End PBXFrameworksBuildPhase section */

/* Begin PBXGroup section */
		683E4BD722D2465C001EC738 /* Views */ = {
			isa = PBXGroup;
			children = (
				6887B0EA22D297D5002BAB31 /* ActionSheets.swift */,
				68C57F3622D2693E00A7E964 /* Alerts.swift */,
				6873BCC022D1AEC80005BCCC /* CakeView.swift */,
				68C57F3822D26A7B00A7E964 /* EggStack.swift */,
				68979C3F22D1004F00FCC4EB /* EggView.swift */,
				68C57F2C22D2649B00A7E964 /* NavigationBar+Buttons.swift */,
				68C57F3022D2651300A7E964 /* ProjectedEndLabel.swift */,
				683C526C22D2845C00CE63C4 /* Slider+Doneness.swift */,
				683C526E22D2860E00CE63C4 /* Slider+Size.swift */,
				683C527022D2864200CE63C4 /* Slider+Temperature.swift */,
				68673CE822D542080015E3A6 /* UIKit+Slider.swift */,
			);
			path = Views;
			sourceTree = "<group>";
		};
		683E4BD822D2466B001EC738 /* Managers */ = {
			isa = PBXGroup;
			children = (
				6873BCE822D1C7F70005BCCC /* BoilingPointManager.swift */,
				68979C4322D101E600FCC4EB /* EggManager.swift */,
				68C57F1E22D2502600A7E964 /* FeedbackManager.swift */,
				6873BCEF22D2344E0005BCCC /* SettingsManager.swift */,
			);
			path = Managers;
			sourceTree = "<group>";
		};
		683E4BD922D2468C001EC738 /* Views */ = {
			isa = PBXGroup;
			children = (
				68C57F3222D2664400A7E964 /* ContentView.swift */,
				68C57F2A22D2642A00A7E964 /* OptionSliders.swift */,
				68D2042F22D04A530080B937 /* RootView.swift */,
				6873BCEC22D1CD3E0005BCCC /* SettingsView.swift */,
				68C57F2E22D264E300A7E964 /* SliderContainer.swift */,
			);
			path = Views;
			sourceTree = "<group>";
		};
		683E4BDA22D24696001EC738 /* Helpers */ = {
			isa = PBXGroup;
			children = (
				68C57F3422D2669500A7E964 /* AnyTransition+Transitions.swift */,
				68C57F2822D25C6600A7E964 /* BindableObject+Easy.swift */,
				68979C4522D107C800FCC4EB /* Double+Helpers.swift */,
				68979C4122D1007500FCC4EB /* TimeInterval+Helpers.swift */,
			);
			path = Helpers;
			sourceTree = "<group>";
		};
		683E4BDB22D246A7001EC738 /* Property Wrappers */ = {
			isa = PBXGroup;
			children = (
				68979C4722D1136400FCC4EB /* Cloud.swift */,
			);
			path = "Property Wrappers";
			sourceTree = "<group>";
		};
		683E4BDC22D246C7001EC738 /* App Delegates */ = {
			isa = PBXGroup;
			children = (
				68D2042B22D04A530080B937 /* AppDelegate.swift */,
				68D2042D22D04A530080B937 /* SceneDelegate.swift */,
			);
			path = "App Delegates";
			sourceTree = "<group>";
		};
		683E4BDE22D246F7001EC738 /* Shared */ = {
			isa = PBXGroup;
			children = (
				68C57F3A22D26A9F00A7E964 /* Data */,
				683E4BDA22D24696001EC738 /* Helpers */,
				683E4BD822D2466B001EC738 /* Managers */,
				683E4BDB22D246A7001EC738 /* Property Wrappers */,
				68C57F3F22D274B400A7E964 /* Protocols */,
				683E4BD722D2465C001EC738 /* Views */,
			);
			path = Shared;
			sourceTree = "<group>";
		};
		683E4BDF22D24742001EC738 /* App Launch */ = {
			isa = PBXGroup;
			children = (
				683E4BDC22D246C7001EC738 /* App Delegates */,
				68D2043622D04A580080B937 /* LaunchScreen.storyboard */,
			);
			path = "App Launch";
			sourceTree = "<group>";
		};
		6873BC4222D1A13E0005BCCC /* Frameworks */ = {
			isa = PBXGroup;
			children = (
				6873BCBC22D1ABB40005BCCC /* UserNotifications.framework */,
				6873BC4322D1A13E0005BCCC /* NotificationCenter.framework */,
			);
			name = Frameworks;
			sourceTree = "<group>";
		};
		6873BC9022D1AA120005BCCC /* Tiny Eggy */ = {
			isa = PBXGroup;
			children = (
				6873BC9122D1AA120005BCCC /* Interface.storyboard */,
				6873BC9422D1AA160005BCCC /* Assets.xcassets */,
				6873BC9622D1AA160005BCCC /* Info.plist */,
			);
			path = "Tiny Eggy";
			sourceTree = "<group>";
		};
		6873BC9F22D1AA170005BCCC /* Tiny Eggy Extension */ = {
			isa = PBXGroup;
			children = (
				6887B0F022D29D31002BAB31 /* App Launch */,
				6887B0EF22D29D15002BAB31 /* Resources */,
				6887B0E522D29251002BAB31 /* Views */,
			);
			path = "Tiny Eggy Extension";
			sourceTree = "<group>";
		};
		6887B0E522D29251002BAB31 /* Views */ = {
			isa = PBXGroup;
			children = (
				6873BCA022D1AA170005BCCC /* ContentView.swift */,
				6887B0E822D29375002BAB31 /* EditingView.swift */,
				6887B0E622D29263002BAB31 /* NewTimerButton.swift */,
				6887B0ED22D29CAE002BAB31 /* RootView.swift */,
			);
			path = Views;
			sourceTree = "<group>";
		};
		6887B0EF22D29D15002BAB31 /* Resources */ = {
			isa = PBXGroup;
			children = (
				6873BCA922D1AA190005BCCC /* Preview Assets.xcassets */,
				6873BCA622D1AA190005BCCC /* Assets.xcassets */,
			);
			path = Resources;
			sourceTree = "<group>";
		};
		6887B0F022D29D31002BAB31 /* App Launch */ = {
			isa = PBXGroup;
			children = (
				6873BCA222D1AA170005BCCC /* HostingController.swift */,
				6873BCA422D1AA170005BCCC /* ExtensionDelegate.swift */,
				6873BCAB22D1AA190005BCCC /* Info.plist */,
			);
			path = "App Launch";
			sourceTree = "<group>";
		};
		6887B10F22D3A4F7002BAB31 /* Icons */ = {
			isa = PBXGroup;
			children = (
				6887B10722D3A3F8002BAB31 /* Icon-60@2x.png */,
				6887B10822D3A3F8002BAB31 /* Icon-60@3x.png */,
				6887B10B22D3A411002BAB31 /* Icon-60-Dark@2x.png */,
				6887B10C22D3A411002BAB31 /* Icon-60-Dark@3x.png */,
			);
			path = Icons;
			sourceTree = "<group>";
		};
		68C57F1922D2477200A7E964 /* Resources */ = {
			isa = PBXGroup;
			children = (
				6887B10F22D3A4F7002BAB31 /* Icons */,
				68D2043422D04A580080B937 /* Preview Assets.xcassets */,
				68D2043122D04A580080B937 /* Assets.xcassets */,
			);
			path = Resources;
			sourceTree = "<group>";
		};
		68C57F3A22D26A9F00A7E964 /* Data */ = {
			isa = PBXGroup;
			children = (
				68C57F3B22D26AB300A7E964 /* Defaults.swift */,
				68C57F3D22D270A500A7E964 /* Enums.swift */,
			);
			path = Data;
			sourceTree = "<group>";
		};
		68C57F3F22D274B400A7E964 /* Protocols */ = {
			isa = PBXGroup;
			children = (
				68C57F1C22D24ABF00A7E964 /* CookTimeProtocol.swift */,
				683C526A22D27CE500CE63C4 /* EggProtocol.swift */,
				683C526822D27CC600CE63C4 /* EggStateProtocol.swift */,
				68C57F2422D2593A00A7E964 /* FormattersProtocol.swift */,
				683C526422D27B3E00CE63C4 /* LocalNotificationsProtocol.swift */,
				689B1E0522D30A6400A768C2 /* SettingsProtocol.swift */,
				68673CE522D53FCE0015E3A6 /* SliderProtocol.swift */,
				683C526622D27B6500CE63C4 /* TimerActionsProtocol.swift */,
				68673CE222D53C8F0015E3A6 /* TimerProtocol.swift */,
				68C57F2022D254DD00A7E964 /* ViewModelProtocol.swift */,
			);
			path = Protocols;
			sourceTree = "<group>";
		};
		68D2041F22D04A530080B937 = {
			isa = PBXGroup;
			children = (
				683E4BDE22D246F7001EC738 /* Shared */,
				68D2042A22D04A530080B937 /* Eggy */,
				6873BC9022D1AA120005BCCC /* Tiny Eggy */,
				6873BC9F22D1AA170005BCCC /* Tiny Eggy Extension */,
				6873BC4222D1A13E0005BCCC /* Frameworks */,
				68D2042922D04A530080B937 /* Products */,
			);
			sourceTree = "<group>";
		};
		68D2042922D04A530080B937 /* Products */ = {
			isa = PBXGroup;
			children = (
				68D2042822D04A530080B937 /* Eggy.app */,
				6873BC8922D1AA110005BCCC /* Tiny Eggy.app */,
				6873BC8C22D1AA110005BCCC /* Tiny Eggy App.app */,
				6873BC9B22D1AA160005BCCC /* Tiny Eggy Extension.appex */,
			);
			name = Products;
			sourceTree = "<group>";
		};
		68D2042A22D04A530080B937 /* Eggy */ = {
			isa = PBXGroup;
			children = (
				683E4BDF22D24742001EC738 /* App Launch */,
				68C57F1922D2477200A7E964 /* Resources */,
				68D6EE8E22D2480900B67DB5 /* Supporting Files */,
				683E4BD922D2468C001EC738 /* Views */,
			);
			path = Eggy;
			sourceTree = "<group>";
		};
		68D6EE8E22D2480900B67DB5 /* Supporting Files */ = {
			isa = PBXGroup;
			children = (
				6873BC5A22D1A6460005BCCC /* Eggy.entitlements */,
				68D2043922D04A580080B937 /* Info.plist */,
			);
			path = "Supporting Files";
			sourceTree = "<group>";
		};
/* End PBXGroup section */

/* Begin PBXNativeTarget section */
		6873BC8822D1AA110005BCCC /* Tiny Eggy */ = {
			isa = PBXNativeTarget;
			buildConfigurationList = 6873BCB422D1AA190005BCCC /* Build configuration list for PBXNativeTarget "Tiny Eggy" */;
			buildPhases = (
				6873BC8722D1AA110005BCCC /* Resources */,
				6873BCB322D1AA190005BCCC /* Embed Watch Content */,
			);
			buildRules = (
			);
			dependencies = (
				6873BC8F22D1AA120005BCCC /* PBXTargetDependency */,
			);
			name = "Tiny Eggy";
			productName = "Tiny Eggy";
			productReference = 6873BC8922D1AA110005BCCC /* Tiny Eggy.app */;
			productType = "com.apple.product-type.application.watchapp2-container";
		};
		6873BC8B22D1AA110005BCCC /* Tiny Eggy App */ = {
			isa = PBXNativeTarget;
			buildConfigurationList = 6873BCB022D1AA190005BCCC /* Build configuration list for PBXNativeTarget "Tiny Eggy App" */;
			buildPhases = (
				6873BC8A22D1AA110005BCCC /* Resources */,
				6873BCAF22D1AA190005BCCC /* Embed App Extensions */,
			);
			buildRules = (
			);
			dependencies = (
				6873BC9E22D1AA170005BCCC /* PBXTargetDependency */,
			);
			name = "Tiny Eggy App";
			productName = "Tiny Eggy WatchKit App";
			productReference = 6873BC8C22D1AA110005BCCC /* Tiny Eggy App.app */;
			productType = "com.apple.product-type.application.watchapp2";
		};
		6873BC9A22D1AA160005BCCC /* Tiny Eggy Extension */ = {
			isa = PBXNativeTarget;
			buildConfigurationList = 6873BCAC22D1AA190005BCCC /* Build configuration list for PBXNativeTarget "Tiny Eggy Extension" */;
			buildPhases = (
				6873BC9722D1AA160005BCCC /* Sources */,
				6873BC9822D1AA160005BCCC /* Frameworks */,
				6873BC9922D1AA160005BCCC /* Resources */,
			);
			buildRules = (
			);
			dependencies = (
			);
			name = "Tiny Eggy Extension";
			productName = "Tiny Eggy WatchKit Extension";
			productReference = 6873BC9B22D1AA160005BCCC /* Tiny Eggy Extension.appex */;
			productType = "com.apple.product-type.watchkit2-extension";
		};
		68D2042722D04A530080B937 /* Eggy */ = {
			isa = PBXNativeTarget;
			buildConfigurationList = 68D2045222D04A580080B937 /* Build configuration list for PBXNativeTarget "Eggy" */;
			buildPhases = (
				68D2042422D04A530080B937 /* Sources */,
				68D2042522D04A530080B937 /* Frameworks */,
				68D2042622D04A530080B937 /* Resources */,
				6873BC4F22D1A13E0005BCCC /* Embed App Extensions */,
				6873BC8522D1A8E90005BCCC /* Embed Watch Content */,
			);
			buildRules = (
			);
			dependencies = (
			);
			name = Eggy;
			productName = Eggy;
			productReference = 68D2042822D04A530080B937 /* Eggy.app */;
			productType = "com.apple.product-type.application";
		};
/* End PBXNativeTarget section */

/* Begin PBXProject section */
		68D2042022D04A530080B937 /* Project object */ = {
			isa = PBXProject;
			attributes = {
				LastSwiftUpdateCheck = 1100;
				LastUpgradeCheck = 1100;
				ORGANIZATIONNAME = "Eric Lewis, Inc.";
				TargetAttributes = {
					6873BC8822D1AA110005BCCC = {
						CreatedOnToolsVersion = 11.0;
					};
					6873BC8B22D1AA110005BCCC = {
						CreatedOnToolsVersion = 11.0;
					};
					6873BC9A22D1AA160005BCCC = {
						CreatedOnToolsVersion = 11.0;
					};
					68D2042722D04A530080B937 = {
						CreatedOnToolsVersion = 11.0;
					};
				};
			};
			buildConfigurationList = 68D2042322D04A530080B937 /* Build configuration list for PBXProject "Eggy" */;
			compatibilityVersion = "Xcode 9.3";
			developmentRegion = en;
			hasScannedForEncodings = 0;
			knownRegions = (
				en,
				Base,
			);
			mainGroup = 68D2041F22D04A530080B937;
			productRefGroup = 68D2042922D04A530080B937 /* Products */;
			projectDirPath = "";
			projectRoot = "";
			targets = (
				68D2042722D04A530080B937 /* Eggy */,
				6873BC8822D1AA110005BCCC /* Tiny Eggy */,
				6873BC8B22D1AA110005BCCC /* Tiny Eggy App */,
				6873BC9A22D1AA160005BCCC /* Tiny Eggy Extension */,
			);
		};
/* End PBXProject section */

/* Begin PBXResourcesBuildPhase section */
		6873BC8722D1AA110005BCCC /* Resources */ = {
			isa = PBXResourcesBuildPhase;
			buildActionMask = 2147483647;
			files = (
			);
			runOnlyForDeploymentPostprocessing = 0;
		};
		6873BC8A22D1AA110005BCCC /* Resources */ = {
			isa = PBXResourcesBuildPhase;
			buildActionMask = 2147483647;
			files = (
				6873BC9522D1AA160005BCCC /* Assets.xcassets in Resources */,
				6873BC9322D1AA120005BCCC /* Interface.storyboard in Resources */,
			);
			runOnlyForDeploymentPostprocessing = 0;
		};
		6873BC9922D1AA160005BCCC /* Resources */ = {
			isa = PBXResourcesBuildPhase;
			buildActionMask = 2147483647;
			files = (
				6873BCAA22D1AA190005BCCC /* Preview Assets.xcassets in Resources */,
				6873BCA722D1AA190005BCCC /* Assets.xcassets in Resources */,
			);
			runOnlyForDeploymentPostprocessing = 0;
		};
		68D2042622D04A530080B937 /* Resources */ = {
			isa = PBXResourcesBuildPhase;
			buildActionMask = 2147483647;
			files = (
				68D2043822D04A580080B937 /* LaunchScreen.storyboard in Resources */,
				6887B10D22D3A411002BAB31 /* Icon-60-Dark@2x.png in Resources */,
				6887B10E22D3A411002BAB31 /* Icon-60-Dark@3x.png in Resources */,
				6887B10A22D3A3F8002BAB31 /* Icon-60@3x.png in Resources */,
				68D2043522D04A580080B937 /* Preview Assets.xcassets in Resources */,
				68D2043222D04A580080B937 /* Assets.xcassets in Resources */,
				6887B10922D3A3F8002BAB31 /* Icon-60@2x.png in Resources */,
			);
			runOnlyForDeploymentPostprocessing = 0;
		};
/* End PBXResourcesBuildPhase section */

/* Begin PBXSourcesBuildPhase section */
		6873BC9722D1AA160005BCCC /* Sources */ = {
			isa = PBXSourcesBuildPhase;
			buildActionMask = 2147483647;
			files = (
				6887B0DC22D28A69002BAB31 /* FormattersProtocol.swift in Sources */,
				6887B0D822D28A69002BAB31 /* FeedbackManager.swift in Sources */,
				6873BCC222D1AEC80005BCCC /* CakeView.swift in Sources */,
				6887B0EC22D297D5002BAB31 /* ActionSheets.swift in Sources */,
				6887B0E322D28D27002BAB31 /* EggStack.swift in Sources */,
				6873BCA322D1AA170005BCCC /* HostingController.swift in Sources */,
				6887B0DF22D28A69002BAB31 /* ViewModelProtocol.swift in Sources */,
				6873BCB922D1AB680005BCCC /* Cloud.swift in Sources */,
				6887B0EE22D29CAE002BAB31 /* RootView.swift in Sources */,
				6887B0D522D28A69002BAB31 /* AnyTransition+Transitions.swift in Sources */,
				6887B0DA22D28A69002BAB31 /* EggProtocol.swift in Sources */,
				6873BCA122D1AA170005BCCC /* ContentView.swift in Sources */,
				6873BCBA22D1AB730005BCCC /* Double+Helpers.swift in Sources */,
				6887B0DE22D28A69002BAB31 /* TimerActionsProtocol.swift in Sources */,
				6887B0D722D28A69002BAB31 /* EggManager.swift in Sources */,
				6873BCB722D1AA330005BCCC /* EggView.swift in Sources */,
				68673CE722D53FCE0015E3A6 /* SliderProtocol.swift in Sources */,
				68673CEA22D542080015E3A6 /* UIKit+Slider.swift in Sources */,
				6887B0E222D28CBE002BAB31 /* Slider+Temperature.swift in Sources */,
				6887B0E922D29375002BAB31 /* EditingView.swift in Sources */,
				6887B0E022D28CBE002BAB31 /* Slider+Doneness.swift in Sources */,
				68673CE422D53C8F0015E3A6 /* TimerProtocol.swift in Sources */,
				6873BCEA22D1C7F70005BCCC /* BoilingPointManager.swift in Sources */,
				6873BCA522D1AA170005BCCC /* ExtensionDelegate.swift in Sources */,
				689B1E0722D30A6400A768C2 /* SettingsProtocol.swift in Sources */,
				6887B0E722D29263002BAB31 /* NewTimerButton.swift in Sources */,
				6873BCF122D2344E0005BCCC /* SettingsManager.swift in Sources */,
				6873BCBB22D1AB7D0005BCCC /* TimeInterval+Helpers.swift in Sources */,
				6887B0E122D28CBE002BAB31 /* Slider+Size.swift in Sources */,
				6887B0D422D28A69002BAB31 /* Enums.swift in Sources */,
				6887B0DB22D28A69002BAB31 /* EggStateProtocol.swift in Sources */,
				6887B0DD22D28A69002BAB31 /* LocalNotificationsProtocol.swift in Sources */,
				6887B0D922D28A69002BAB31 /* CookTimeProtocol.swift in Sources */,
				6887B0D322D28A69002BAB31 /* Defaults.swift in Sources */,
				6887B0E422D28E6B002BAB31 /* Alerts.swift in Sources */,
				6887B0D622D28A69002BAB31 /* BindableObject+Easy.swift in Sources */,
			);
			runOnlyForDeploymentPostprocessing = 0;
		};
		68D2042422D04A530080B937 /* Sources */ = {
			isa = PBXSourcesBuildPhase;
			buildActionMask = 2147483647;
			files = (
				68C57F1F22D2502600A7E964 /* FeedbackManager.swift in Sources */,
				68C57F1D22D24ABF00A7E964 /* CookTimeProtocol.swift in Sources */,
				683C526722D27B6500CE63C4 /* TimerActionsProtocol.swift in Sources */,
				683C526522D27B3E00CE63C4 /* LocalNotificationsProtocol.swift in Sources */,
				68979C4822D1136400FCC4EB /* Cloud.swift in Sources */,
				6873BCF022D2344E0005BCCC /* SettingsManager.swift in Sources */,
				68673CE622D53FCE0015E3A6 /* SliderProtocol.swift in Sources */,
				68D2042C22D04A530080B937 /* AppDelegate.swift in Sources */,
				683C526B22D27CE500CE63C4 /* EggProtocol.swift in Sources */,
				68D2042E22D04A530080B937 /* SceneDelegate.swift in Sources */,
				68979C4222D1007500FCC4EB /* TimeInterval+Helpers.swift in Sources */,
				68673CE322D53C8F0015E3A6 /* TimerProtocol.swift in Sources */,
				6873BCE922D1C7F70005BCCC /* BoilingPointManager.swift in Sources */,
				68C57F3322D2664400A7E964 /* ContentView.swift in Sources */,
				68C57F2F22D264E300A7E964 /* SliderContainer.swift in Sources */,
				68C57F2522D2593A00A7E964 /* FormattersProtocol.swift in Sources */,
				68C57F3122D2651300A7E964 /* ProjectedEndLabel.swift in Sources */,
				683C527122D2864200CE63C4 /* Slider+Temperature.swift in Sources */,
				68C57F3E22D270A500A7E964 /* Enums.swift in Sources */,
				6873BCC122D1AEC80005BCCC /* CakeView.swift in Sources */,
				68C57F2922D25C6600A7E964 /* BindableObject+Easy.swift in Sources */,
				68C57F2D22D2649B00A7E964 /* NavigationBar+Buttons.swift in Sources */,
				68C57F2122D254DD00A7E964 /* ViewModelProtocol.swift in Sources */,
				68673CE922D542080015E3A6 /* UIKit+Slider.swift in Sources */,
				68C57F3522D2669500A7E964 /* AnyTransition+Transitions.swift in Sources */,
				68979C4422D101E600FCC4EB /* EggManager.swift in Sources */,
				68979C4622D107C800FCC4EB /* Double+Helpers.swift in Sources */,
				689B1E0622D30A6400A768C2 /* SettingsProtocol.swift in Sources */,
				6873BCED22D1CD3E0005BCCC /* SettingsView.swift in Sources */,
				683C526922D27CC600CE63C4 /* EggStateProtocol.swift in Sources */,
				6887B0EB22D297D5002BAB31 /* ActionSheets.swift in Sources */,
				68D2043022D04A530080B937 /* RootView.swift in Sources */,
				68979C4022D1004F00FCC4EB /* EggView.swift in Sources */,
				68C57F3722D2693E00A7E964 /* Alerts.swift in Sources */,
				68C57F3C22D26AB300A7E964 /* Defaults.swift in Sources */,
				683C526D22D2845C00CE63C4 /* Slider+Doneness.swift in Sources */,
				68C57F3922D26A7B00A7E964 /* EggStack.swift in Sources */,
				683C526F22D2860E00CE63C4 /* Slider+Size.swift in Sources */,
				68C57F2B22D2642A00A7E964 /* OptionSliders.swift in Sources */,
			);
			runOnlyForDeploymentPostprocessing = 0;
		};
/* End PBXSourcesBuildPhase section */

/* Begin PBXTargetDependency section */
		6873BC8F22D1AA120005BCCC /* PBXTargetDependency */ = {
			isa = PBXTargetDependency;
			target = 6873BC8B22D1AA110005BCCC /* Tiny Eggy App */;
			targetProxy = 6873BC8E22D1AA120005BCCC /* PBXContainerItemProxy */;
		};
		6873BC9E22D1AA170005BCCC /* PBXTargetDependency */ = {
			isa = PBXTargetDependency;
			target = 6873BC9A22D1AA160005BCCC /* Tiny Eggy Extension */;
			targetProxy = 6873BC9D22D1AA170005BCCC /* PBXContainerItemProxy */;
		};
/* End PBXTargetDependency section */

/* Begin PBXVariantGroup section */
		6873BC9122D1AA120005BCCC /* Interface.storyboard */ = {
			isa = PBXVariantGroup;
			children = (
				6873BC9222D1AA120005BCCC /* Base */,
			);
			name = Interface.storyboard;
			sourceTree = "<group>";
		};
		68D2043622D04A580080B937 /* LaunchScreen.storyboard */ = {
			isa = PBXVariantGroup;
			children = (
				68D2043722D04A580080B937 /* Base */,
			);
			name = LaunchScreen.storyboard;
			sourceTree = "<group>";
		};
/* End PBXVariantGroup section */

/* Begin XCBuildConfiguration section */
		6873BCAD22D1AA190005BCCC /* Debug */ = {
			isa = XCBuildConfiguration;
			buildSettings = {
				ASSETCATALOG_COMPILER_COMPLICATION_NAME = Complication;
				CODE_SIGN_STYLE = Automatic;
				DEVELOPMENT_ASSET_PATHS = "\"Tiny Eggy Extension\"/Resources";
				DEVELOPMENT_TEAM = F9PGNEMEHU;
				ENABLE_PREVIEWS = YES;
				INFOPLIST_FILE = "Tiny Eggy Extension/App Launch/Info.plist";
				LD_RUNPATH_SEARCH_PATHS = (
					"$(inherited)",
					"@executable_path/Frameworks",
					"@executable_path/../../Frameworks",
				);
				PRODUCT_BUNDLE_IDENTIFIER = "ericlewis.Tiny-Eggy.watchkitapp.watchkitextension";
				PRODUCT_NAME = "${TARGET_NAME}";
				SDKROOT = watchos;
				SKIP_INSTALL = YES;
				SWIFT_VERSION = 5.0;
				TARGETED_DEVICE_FAMILY = 4;
				WATCHOS_DEPLOYMENT_TARGET = 6.0;
			};
			name = Debug;
		};
		6873BCAE22D1AA190005BCCC /* Release */ = {
			isa = XCBuildConfiguration;
			buildSettings = {
				ASSETCATALOG_COMPILER_COMPLICATION_NAME = Complication;
				CODE_SIGN_STYLE = Automatic;
				DEVELOPMENT_ASSET_PATHS = "\"Tiny Eggy Extension\"/Resources";
				DEVELOPMENT_TEAM = F9PGNEMEHU;
				ENABLE_PREVIEWS = YES;
				INFOPLIST_FILE = "Tiny Eggy Extension/App Launch/Info.plist";
				LD_RUNPATH_SEARCH_PATHS = (
					"$(inherited)",
					"@executable_path/Frameworks",
					"@executable_path/../../Frameworks",
				);
				PRODUCT_BUNDLE_IDENTIFIER = "ericlewis.Tiny-Eggy.watchkitapp.watchkitextension";
				PRODUCT_NAME = "${TARGET_NAME}";
				SDKROOT = watchos;
				SKIP_INSTALL = YES;
				SWIFT_VERSION = 5.0;
				TARGETED_DEVICE_FAMILY = 4;
				WATCHOS_DEPLOYMENT_TARGET = 6.0;
			};
			name = Release;
		};
		6873BCB122D1AA190005BCCC /* Debug */ = {
			isa = XCBuildConfiguration;
			buildSettings = {
				ALWAYS_EMBED_SWIFT_STANDARD_LIBRARIES = YES;
				ASSETCATALOG_COMPILER_APPICON_NAME = AppIcon;
				CODE_SIGN_STYLE = Automatic;
				DEVELOPMENT_TEAM = F9PGNEMEHU;
				IBSC_MODULE = Tiny_Eggy_WatchKit_Extension;
				INFOPLIST_FILE = "Tiny Eggy/Info.plist";
				PRODUCT_BUNDLE_IDENTIFIER = "ericlewis.Tiny-Eggy.watchkitapp";
				PRODUCT_NAME = "$(TARGET_NAME)";
				SDKROOT = watchos;
				SKIP_INSTALL = YES;
				SWIFT_VERSION = 5.0;
				TARGETED_DEVICE_FAMILY = 4;
				WATCHOS_DEPLOYMENT_TARGET = 6.0;
			};
			name = Debug;
		};
		6873BCB222D1AA190005BCCC /* Release */ = {
			isa = XCBuildConfiguration;
			buildSettings = {
				ALWAYS_EMBED_SWIFT_STANDARD_LIBRARIES = YES;
				ASSETCATALOG_COMPILER_APPICON_NAME = AppIcon;
				CODE_SIGN_STYLE = Automatic;
				DEVELOPMENT_TEAM = F9PGNEMEHU;
				IBSC_MODULE = Tiny_Eggy_WatchKit_Extension;
				INFOPLIST_FILE = "Tiny Eggy/Info.plist";
				PRODUCT_BUNDLE_IDENTIFIER = "ericlewis.Tiny-Eggy.watchkitapp";
				PRODUCT_NAME = "$(TARGET_NAME)";
				SDKROOT = watchos;
				SKIP_INSTALL = YES;
				SWIFT_VERSION = 5.0;
				TARGETED_DEVICE_FAMILY = 4;
				WATCHOS_DEPLOYMENT_TARGET = 6.0;
			};
			name = Release;
		};
		6873BCB522D1AA190005BCCC /* Debug */ = {
			isa = XCBuildConfiguration;
			buildSettings = {
				CODE_SIGN_STYLE = Automatic;
				CURRENT_PROJECT_VERSION = 1;
				DEVELOPMENT_TEAM = F9PGNEMEHU;
				MARKETING_VERSION = 1.0;
				PRODUCT_BUNDLE_IDENTIFIER = "ericlewis.Tiny-Eggy";
				PRODUCT_NAME = "$(TARGET_NAME)";
				SWIFT_VERSION = 5.0;
			};
			name = Debug;
		};
		6873BCB622D1AA190005BCCC /* Release */ = {
			isa = XCBuildConfiguration;
			buildSettings = {
				CODE_SIGN_STYLE = Automatic;
				CURRENT_PROJECT_VERSION = 1;
				DEVELOPMENT_TEAM = F9PGNEMEHU;
				MARKETING_VERSION = 1.0;
				PRODUCT_BUNDLE_IDENTIFIER = "ericlewis.Tiny-Eggy";
				PRODUCT_NAME = "$(TARGET_NAME)";
				SWIFT_VERSION = 5.0;
			};
			name = Release;
		};
		68D2045022D04A580080B937 /* Debug */ = {
			isa = XCBuildConfiguration;
			buildSettings = {
				ALWAYS_SEARCH_USER_PATHS = NO;
				CLANG_ANALYZER_NONNULL = YES;
				CLANG_ANALYZER_NUMBER_OBJECT_CONVERSION = YES_AGGRESSIVE;
				CLANG_CXX_LANGUAGE_STANDARD = "gnu++14";
				CLANG_CXX_LIBRARY = "libc++";
				CLANG_ENABLE_MODULES = YES;
				CLANG_ENABLE_OBJC_ARC = YES;
				CLANG_ENABLE_OBJC_WEAK = YES;
				CLANG_WARN_BLOCK_CAPTURE_AUTORELEASING = YES;
				CLANG_WARN_BOOL_CONVERSION = YES;
				CLANG_WARN_COMMA = YES;
				CLANG_WARN_CONSTANT_CONVERSION = YES;
				CLANG_WARN_DEPRECATED_OBJC_IMPLEMENTATIONS = YES;
				CLANG_WARN_DIRECT_OBJC_ISA_USAGE = YES_ERROR;
				CLANG_WARN_DOCUMENTATION_COMMENTS = YES;
				CLANG_WARN_EMPTY_BODY = YES;
				CLANG_WARN_ENUM_CONVERSION = YES;
				CLANG_WARN_INFINITE_RECURSION = YES;
				CLANG_WARN_INT_CONVERSION = YES;
				CLANG_WARN_NON_LITERAL_NULL_CONVERSION = YES;
				CLANG_WARN_OBJC_IMPLICIT_RETAIN_SELF = YES;
				CLANG_WARN_OBJC_LITERAL_CONVERSION = YES;
				CLANG_WARN_OBJC_ROOT_CLASS = YES_ERROR;
				CLANG_WARN_RANGE_LOOP_ANALYSIS = YES;
				CLANG_WARN_STRICT_PROTOTYPES = YES;
				CLANG_WARN_SUSPICIOUS_MOVE = YES;
				CLANG_WARN_UNGUARDED_AVAILABILITY = YES_AGGRESSIVE;
				CLANG_WARN_UNREACHABLE_CODE = YES;
				CLANG_WARN__DUPLICATE_METHOD_MATCH = YES;
				COPY_PHASE_STRIP = NO;
				DEBUG_INFORMATION_FORMAT = dwarf;
				ENABLE_STRICT_OBJC_MSGSEND = YES;
				ENABLE_TESTABILITY = YES;
				GCC_C_LANGUAGE_STANDARD = gnu11;
				GCC_DYNAMIC_NO_PIC = NO;
				GCC_NO_COMMON_BLOCKS = YES;
				GCC_OPTIMIZATION_LEVEL = 0;
				GCC_PREPROCESSOR_DEFINITIONS = (
					"DEBUG=1",
					"$(inherited)",
				);
				GCC_WARN_64_TO_32_BIT_CONVERSION = YES;
				GCC_WARN_ABOUT_RETURN_TYPE = YES_ERROR;
				GCC_WARN_UNDECLARED_SELECTOR = YES;
				GCC_WARN_UNINITIALIZED_AUTOS = YES_AGGRESSIVE;
				GCC_WARN_UNUSED_FUNCTION = YES;
				GCC_WARN_UNUSED_VARIABLE = YES;
				IPHONEOS_DEPLOYMENT_TARGET = 13.0;
				MTL_ENABLE_DEBUG_INFO = INCLUDE_SOURCE;
				MTL_FAST_MATH = YES;
				ONLY_ACTIVE_ARCH = YES;
				SDKROOT = iphoneos;
				SWIFT_ACTIVE_COMPILATION_CONDITIONS = DEBUG;
				SWIFT_OPTIMIZATION_LEVEL = "-Onone";
			};
			name = Debug;
		};
		68D2045122D04A580080B937 /* Release */ = {
			isa = XCBuildConfiguration;
			buildSettings = {
				ALWAYS_SEARCH_USER_PATHS = NO;
				CLANG_ANALYZER_NONNULL = YES;
				CLANG_ANALYZER_NUMBER_OBJECT_CONVERSION = YES_AGGRESSIVE;
				CLANG_CXX_LANGUAGE_STANDARD = "gnu++14";
				CLANG_CXX_LIBRARY = "libc++";
				CLANG_ENABLE_MODULES = YES;
				CLANG_ENABLE_OBJC_ARC = YES;
				CLANG_ENABLE_OBJC_WEAK = YES;
				CLANG_WARN_BLOCK_CAPTURE_AUTORELEASING = YES;
				CLANG_WARN_BOOL_CONVERSION = YES;
				CLANG_WARN_COMMA = YES;
				CLANG_WARN_CONSTANT_CONVERSION = YES;
				CLANG_WARN_DEPRECATED_OBJC_IMPLEMENTATIONS = YES;
				CLANG_WARN_DIRECT_OBJC_ISA_USAGE = YES_ERROR;
				CLANG_WARN_DOCUMENTATION_COMMENTS = YES;
				CLANG_WARN_EMPTY_BODY = YES;
				CLANG_WARN_ENUM_CONVERSION = YES;
				CLANG_WARN_INFINITE_RECURSION = YES;
				CLANG_WARN_INT_CONVERSION = YES;
				CLANG_WARN_NON_LITERAL_NULL_CONVERSION = YES;
				CLANG_WARN_OBJC_IMPLICIT_RETAIN_SELF = YES;
				CLANG_WARN_OBJC_LITERAL_CONVERSION = YES;
				CLANG_WARN_OBJC_ROOT_CLASS = YES_ERROR;
				CLANG_WARN_RANGE_LOOP_ANALYSIS = YES;
				CLANG_WARN_STRICT_PROTOTYPES = YES;
				CLANG_WARN_SUSPICIOUS_MOVE = YES;
				CLANG_WARN_UNGUARDED_AVAILABILITY = YES_AGGRESSIVE;
				CLANG_WARN_UNREACHABLE_CODE = YES;
				CLANG_WARN__DUPLICATE_METHOD_MATCH = YES;
				COPY_PHASE_STRIP = NO;
				DEBUG_INFORMATION_FORMAT = "dwarf-with-dsym";
				ENABLE_NS_ASSERTIONS = NO;
				ENABLE_STRICT_OBJC_MSGSEND = YES;
				GCC_C_LANGUAGE_STANDARD = gnu11;
				GCC_NO_COMMON_BLOCKS = YES;
				GCC_WARN_64_TO_32_BIT_CONVERSION = YES;
				GCC_WARN_ABOUT_RETURN_TYPE = YES_ERROR;
				GCC_WARN_UNDECLARED_SELECTOR = YES;
				GCC_WARN_UNINITIALIZED_AUTOS = YES_AGGRESSIVE;
				GCC_WARN_UNUSED_FUNCTION = YES;
				GCC_WARN_UNUSED_VARIABLE = YES;
				IPHONEOS_DEPLOYMENT_TARGET = 13.0;
				MTL_ENABLE_DEBUG_INFO = NO;
				MTL_FAST_MATH = YES;
				SDKROOT = iphoneos;
				SWIFT_COMPILATION_MODE = wholemodule;
				SWIFT_OPTIMIZATION_LEVEL = "-O";
				VALIDATE_PRODUCT = YES;
			};
			name = Release;
		};
		68D2045322D04A580080B937 /* Debug */ = {
			isa = XCBuildConfiguration;
			buildSettings = {
				ALWAYS_EMBED_SWIFT_STANDARD_LIBRARIES = YES;
				ASSETCATALOG_COMPILER_APPICON_NAME = AppIcon;
				CODE_SIGN_ENTITLEMENTS = "Eggy/Supporting Files/Eggy.entitlements";
				CODE_SIGN_STYLE = Automatic;
				DEVELOPMENT_ASSET_PATHS = Eggy/Resources;
				DEVELOPMENT_TEAM = F9PGNEMEHU;
				ENABLE_PREVIEWS = YES;
				INFOPLIST_FILE = "Eggy/Supporting Files/Info.plist";
				LD_RUNPATH_SEARCH_PATHS = (
					"$(inherited)",
					"@executable_path/Frameworks",
				);
				PRODUCT_BUNDLE_IDENTIFIER = ericlewis.Eggy;
				PRODUCT_NAME = "$(TARGET_NAME)";
				SUPPORTS_UIKITFORMAC = NO;
				SWIFT_VERSION = 5.0;
				TARGETED_DEVICE_FAMILY = "1,2";
			};
			name = Debug;
		};
		68D2045422D04A580080B937 /* Release */ = {
			isa = XCBuildConfiguration;
			buildSettings = {
				ALWAYS_EMBED_SWIFT_STANDARD_LIBRARIES = YES;
				ASSETCATALOG_COMPILER_APPICON_NAME = AppIcon;
				CODE_SIGN_ENTITLEMENTS = "Eggy/Supporting Files/Eggy.entitlements";
				CODE_SIGN_STYLE = Automatic;
				DEVELOPMENT_ASSET_PATHS = Eggy/Resources;
				DEVELOPMENT_TEAM = F9PGNEMEHU;
				ENABLE_PREVIEWS = YES;
				INFOPLIST_FILE = "Eggy/Supporting Files/Info.plist";
				LD_RUNPATH_SEARCH_PATHS = (
					"$(inherited)",
					"@executable_path/Frameworks",
				);
				PRODUCT_BUNDLE_IDENTIFIER = ericlewis.Eggy;
				PRODUCT_NAME = "$(TARGET_NAME)";
				SUPPORTS_UIKITFORMAC = NO;
				SWIFT_VERSION = 5.0;
				TARGETED_DEVICE_FAMILY = "1,2";
			};
			name = Release;
		};
/* End XCBuildConfiguration section */

/* Begin XCConfigurationList section */
		6873BCAC22D1AA190005BCCC /* Build configuration list for PBXNativeTarget "Tiny Eggy Extension" */ = {
			isa = XCConfigurationList;
			buildConfigurations = (
				6873BCAD22D1AA190005BCCC /* Debug */,
				6873BCAE22D1AA190005BCCC /* Release */,
			);
			defaultConfigurationIsVisible = 0;
			defaultConfigurationName = Release;
		};
		6873BCB022D1AA190005BCCC /* Build configuration list for PBXNativeTarget "Tiny Eggy App" */ = {
			isa = XCConfigurationList;
			buildConfigurations = (
				6873BCB122D1AA190005BCCC /* Debug */,
				6873BCB222D1AA190005BCCC /* Release */,
			);
			defaultConfigurationIsVisible = 0;
			defaultConfigurationName = Release;
		};
		6873BCB422D1AA190005BCCC /* Build configuration list for PBXNativeTarget "Tiny Eggy" */ = {
			isa = XCConfigurationList;
			buildConfigurations = (
				6873BCB522D1AA190005BCCC /* Debug */,
				6873BCB622D1AA190005BCCC /* Release */,
			);
			defaultConfigurationIsVisible = 0;
			defaultConfigurationName = Release;
		};
		68D2042322D04A530080B937 /* Build configuration list for PBXProject "Eggy" */ = {
			isa = XCConfigurationList;
			buildConfigurations = (
				68D2045022D04A580080B937 /* Debug */,
				68D2045122D04A580080B937 /* Release */,
			);
			defaultConfigurationIsVisible = 0;
			defaultConfigurationName = Release;
		};
		68D2045222D04A580080B937 /* Build configuration list for PBXNativeTarget "Eggy" */ = {
			isa = XCConfigurationList;
			buildConfigurations = (
				68D2045322D04A580080B937 /* Debug */,
				68D2045422D04A580080B937 /* Release */,
			);
			defaultConfigurationIsVisible = 0;
			defaultConfigurationName = Release;
		};
/* End XCConfigurationList section */
	};
	rootObject = 68D2042022D04A530080B937 /* Project object */;
}
